// !$*UTF8*$!
{
	archiveVersion = 1;
	classes = {
	};
	objectVersion = 46;
	objects = {

/* Begin PBXBuildFile section */
		3301305017F18A5E00287253 /* XMPPInBandRegistration.m in Sources */ = {isa = PBXBuildFile; fileRef = 3301304F17F18A5E00287253 /* XMPPInBandRegistration.m */; };
		3301305317F18F0800287253 /* XMPPIQ+XEP_0077.m in Sources */ = {isa = PBXBuildFile; fileRef = 3301305217F18F0800287253 /* XMPPIQ+XEP_0077.m */; };
		330130C617F431CF00287253 /* XMPPMessage+Cryptocat.m in Sources */ = {isa = PBXBuildFile; fileRef = 330130C517F431CF00287253 /* XMPPMessage+Cryptocat.m */; };
		330130C917F4453000287253 /* NSString+Cryptocat.m in Sources */ = {isa = PBXBuildFile; fileRef = 330130C817F4453000287253 /* NSString+Cryptocat.m */; };
		330131DD17FB0D6000287253 /* TBXMPPMessagesHandler.m in Sources */ = {isa = PBXBuildFile; fileRef = 330131DC17FB0D6000287253 /* TBXMPPMessagesHandler.m */; };
		339DD1AC17F0399400C3E8E6 /* Foundation.framework in Frameworks */ = {isa = PBXBuildFile; fileRef = 339DD1AB17F0399400C3E8E6 /* Foundation.framework */; };
		339DD1AE17F0399400C3E8E6 /* CoreGraphics.framework in Frameworks */ = {isa = PBXBuildFile; fileRef = 339DD1AD17F0399400C3E8E6 /* CoreGraphics.framework */; };
		339DD1B017F0399400C3E8E6 /* UIKit.framework in Frameworks */ = {isa = PBXBuildFile; fileRef = 339DD1AF17F0399400C3E8E6 /* UIKit.framework */; };
		339DD1B617F0399400C3E8E6 /* InfoPlist.strings in Resources */ = {isa = PBXBuildFile; fileRef = 339DD1B417F0399400C3E8E6 /* InfoPlist.strings */; };
		339DD1B817F0399400C3E8E6 /* main.m in Sources */ = {isa = PBXBuildFile; fileRef = 339DD1B717F0399400C3E8E6 /* main.m */; };
		339DD1BC17F0399400C3E8E6 /* TBAppDelegate.m in Sources */ = {isa = PBXBuildFile; fileRef = 339DD1BB17F0399400C3E8E6 /* TBAppDelegate.m */; };
		339DD1BF17F0399400C3E8E6 /* Main.storyboard in Resources */ = {isa = PBXBuildFile; fileRef = 339DD1BD17F0399400C3E8E6 /* Main.storyboard */; };
		339DD1C717F0399400C3E8E6 /* Images.xcassets in Resources */ = {isa = PBXBuildFile; fileRef = 339DD1C617F0399400C3E8E6 /* Images.xcassets */; };
		339DD1CE17F0399400C3E8E6 /* XCTest.framework in Frameworks */ = {isa = PBXBuildFile; fileRef = 339DD1CD17F0399400C3E8E6 /* XCTest.framework */; };
		339DD1CF17F0399400C3E8E6 /* Foundation.framework in Frameworks */ = {isa = PBXBuildFile; fileRef = 339DD1AB17F0399400C3E8E6 /* Foundation.framework */; };
		339DD1D017F0399400C3E8E6 /* UIKit.framework in Frameworks */ = {isa = PBXBuildFile; fileRef = 339DD1AF17F0399400C3E8E6 /* UIKit.framework */; };
		339DD1D817F0399400C3E8E6 /* InfoPlist.strings in Resources */ = {isa = PBXBuildFile; fileRef = 339DD1D617F0399400C3E8E6 /* InfoPlist.strings */; };
		339DD1DA17F0399400C3E8E6 /* CryptocatTests.m in Sources */ = {isa = PBXBuildFile; fileRef = 339DD1D917F0399400C3E8E6 /* CryptocatTests.m */; };
		339DD1EA17F0507F00C3E8E6 /* TBXMPPManager.m in Sources */ = {isa = PBXBuildFile; fileRef = 339DD1E917F0507F00C3E8E6 /* TBXMPPManager.m */; };
		33C3651418102413003EAF93 /* TBBuddiesViewController.m in Sources */ = {isa = PBXBuildFile; fileRef = 33C3651318102413003EAF93 /* TBBuddiesViewController.m */; };
		33E6C7FC181512FD009EC642 /* TBLoginViewController.m in Sources */ = {isa = PBXBuildFile; fileRef = 33E6C7FB181512FD009EC642 /* TBLoginViewController.m */; };
		33F6831E180ED21900524C87 /* XMPPPresence+Cryptocat.m in Sources */ = {isa = PBXBuildFile; fileRef = 33F6831D180ED21900524C87 /* XMPPPresence+Cryptocat.m */; };
		33F68321180EDDC100524C87 /* TBChatViewController.m in Sources */ = {isa = PBXBuildFile; fileRef = 33F68320180EDDC100524C87 /* TBChatViewController.m */; };
		976AB9436ED44BA3A75E898B /* libPods.a in Frameworks */ = {isa = PBXBuildFile; fileRef = FB88AE4167A9417F92564155 /* libPods.a */; };
/* End PBXBuildFile section */

/* Begin PBXContainerItemProxy section */
		339DD1D117F0399400C3E8E6 /* PBXContainerItemProxy */ = {
			isa = PBXContainerItemProxy;
			containerPortal = 339DD1A017F0399400C3E8E6 /* Project object */;
			proxyType = 1;
			remoteGlobalIDString = 339DD1A717F0399400C3E8E6;
			remoteInfo = Cryptocat;
		};
/* End PBXContainerItemProxy section */

/* Begin PBXFileReference section */
		3301304E17F18A5E00287253 /* XMPPInBandRegistration.h */ = {isa = PBXFileReference; fileEncoding = 4; lastKnownFileType = sourcecode.c.h; path = XMPPInBandRegistration.h; sourceTree = "<group>"; };
		3301304F17F18A5E00287253 /* XMPPInBandRegistration.m */ = {isa = PBXFileReference; fileEncoding = 4; lastKnownFileType = sourcecode.c.objc; path = XMPPInBandRegistration.m; sourceTree = "<group>"; };
		3301305117F18F0800287253 /* XMPPIQ+XEP_0077.h */ = {isa = PBXFileReference; fileEncoding = 4; lastKnownFileType = sourcecode.c.h; path = "XMPPIQ+XEP_0077.h"; sourceTree = "<group>"; };
		3301305217F18F0800287253 /* XMPPIQ+XEP_0077.m */ = {isa = PBXFileReference; fileEncoding = 4; lastKnownFileType = sourcecode.c.objc; path = "XMPPIQ+XEP_0077.m"; sourceTree = "<group>"; };
		330130C417F431CF00287253 /* XMPPMessage+Cryptocat.h */ = {isa = PBXFileReference; fileEncoding = 4; lastKnownFileType = sourcecode.c.h; path = "XMPPMessage+Cryptocat.h"; sourceTree = "<group>"; };
		330130C517F431CF00287253 /* XMPPMessage+Cryptocat.m */ = {isa = PBXFileReference; fileEncoding = 4; lastKnownFileType = sourcecode.c.objc; path = "XMPPMessage+Cryptocat.m"; sourceTree = "<group>"; };
		330130C717F4453000287253 /* NSString+Cryptocat.h */ = {isa = PBXFileReference; fileEncoding = 4; lastKnownFileType = sourcecode.c.h; path = "NSString+Cryptocat.h"; sourceTree = "<group>"; };
		330130C817F4453000287253 /* NSString+Cryptocat.m */ = {isa = PBXFileReference; fileEncoding = 4; lastKnownFileType = sourcecode.c.objc; path = "NSString+Cryptocat.m"; sourceTree = "<group>"; };
		330131DB17FB0D6000287253 /* TBXMPPMessagesHandler.h */ = {isa = PBXFileReference; fileEncoding = 4; lastKnownFileType = sourcecode.c.h; path = TBXMPPMessagesHandler.h; sourceTree = "<group>"; };
		330131DC17FB0D6000287253 /* TBXMPPMessagesHandler.m */ = {isa = PBXFileReference; fileEncoding = 4; lastKnownFileType = sourcecode.c.objc; path = TBXMPPMessagesHandler.m; sourceTree = "<group>"; };
		339DD1A817F0399400C3E8E6 /* Cryptocat.app */ = {isa = PBXFileReference; explicitFileType = wrapper.application; includeInIndex = 0; path = Cryptocat.app; sourceTree = BUILT_PRODUCTS_DIR; };
		339DD1AB17F0399400C3E8E6 /* Foundation.framework */ = {isa = PBXFileReference; lastKnownFileType = wrapper.framework; name = Foundation.framework; path = System/Library/Frameworks/Foundation.framework; sourceTree = SDKROOT; };
		339DD1AD17F0399400C3E8E6 /* CoreGraphics.framework */ = {isa = PBXFileReference; lastKnownFileType = wrapper.framework; name = CoreGraphics.framework; path = System/Library/Frameworks/CoreGraphics.framework; sourceTree = SDKROOT; };
		339DD1AF17F0399400C3E8E6 /* UIKit.framework */ = {isa = PBXFileReference; lastKnownFileType = wrapper.framework; name = UIKit.framework; path = System/Library/Frameworks/UIKit.framework; sourceTree = SDKROOT; };
		339DD1B317F0399400C3E8E6 /* Cryptocat-Info.plist */ = {isa = PBXFileReference; lastKnownFileType = text.plist.xml; path = "Cryptocat-Info.plist"; sourceTree = "<group>"; };
		339DD1B517F0399400C3E8E6 /* en */ = {isa = PBXFileReference; lastKnownFileType = text.plist.strings; name = en; path = en.lproj/InfoPlist.strings; sourceTree = "<group>"; };
		339DD1B717F0399400C3E8E6 /* main.m */ = {isa = PBXFileReference; lastKnownFileType = sourcecode.c.objc; path = main.m; sourceTree = "<group>"; };
		339DD1B917F0399400C3E8E6 /* Cryptocat-Prefix.pch */ = {isa = PBXFileReference; lastKnownFileType = sourcecode.c.h; path = "Cryptocat-Prefix.pch"; sourceTree = "<group>"; };
		339DD1BA17F0399400C3E8E6 /* TBAppDelegate.h */ = {isa = PBXFileReference; lastKnownFileType = sourcecode.c.h; path = TBAppDelegate.h; sourceTree = "<group>"; };
		339DD1BB17F0399400C3E8E6 /* TBAppDelegate.m */ = {isa = PBXFileReference; lastKnownFileType = sourcecode.c.objc; path = TBAppDelegate.m; sourceTree = "<group>"; };
		339DD1BE17F0399400C3E8E6 /* Base */ = {isa = PBXFileReference; lastKnownFileType = file.storyboard; name = Base; path = Base.lproj/Main.storyboard; sourceTree = "<group>"; };
		339DD1C617F0399400C3E8E6 /* Images.xcassets */ = {isa = PBXFileReference; lastKnownFileType = folder.assetcatalog; path = Images.xcassets; sourceTree = "<group>"; };
		339DD1CC17F0399400C3E8E6 /* CryptocatTests.xctest */ = {isa = PBXFileReference; explicitFileType = wrapper.cfbundle; includeInIndex = 0; path = CryptocatTests.xctest; sourceTree = BUILT_PRODUCTS_DIR; };
		339DD1CD17F0399400C3E8E6 /* XCTest.framework */ = {isa = PBXFileReference; lastKnownFileType = wrapper.framework; name = XCTest.framework; path = Library/Frameworks/XCTest.framework; sourceTree = DEVELOPER_DIR; };
		339DD1D517F0399400C3E8E6 /* CryptocatTests-Info.plist */ = {isa = PBXFileReference; lastKnownFileType = text.plist.xml; path = "CryptocatTests-Info.plist"; sourceTree = "<group>"; };
		339DD1D717F0399400C3E8E6 /* en */ = {isa = PBXFileReference; lastKnownFileType = text.plist.strings; name = en; path = en.lproj/InfoPlist.strings; sourceTree = "<group>"; };
		339DD1D917F0399400C3E8E6 /* CryptocatTests.m */ = {isa = PBXFileReference; lastKnownFileType = sourcecode.c.objc; path = CryptocatTests.m; sourceTree = "<group>"; };
		339DD1E617F03ADC00C3E8E6 /* TBMacros.h */ = {isa = PBXFileReference; fileEncoding = 4; lastKnownFileType = sourcecode.c.h; path = TBMacros.h; sourceTree = "<group>"; };
		339DD1E817F0507F00C3E8E6 /* TBXMPPManager.h */ = {isa = PBXFileReference; fileEncoding = 4; lastKnownFileType = sourcecode.c.h; path = TBXMPPManager.h; sourceTree = "<group>"; };
		339DD1E917F0507F00C3E8E6 /* TBXMPPManager.m */ = {isa = PBXFileReference; fileEncoding = 4; lastKnownFileType = sourcecode.c.objc; path = TBXMPPManager.m; sourceTree = "<group>"; };
		33C3651218102413003EAF93 /* TBBuddiesViewController.h */ = {isa = PBXFileReference; fileEncoding = 4; lastKnownFileType = sourcecode.c.h; path = TBBuddiesViewController.h; sourceTree = "<group>"; };
		33C3651318102413003EAF93 /* TBBuddiesViewController.m */ = {isa = PBXFileReference; fileEncoding = 4; lastKnownFileType = sourcecode.c.objc; path = TBBuddiesViewController.m; sourceTree = "<group>"; };
		33E6C7FA181512FD009EC642 /* TBLoginViewController.h */ = {isa = PBXFileReference; fileEncoding = 4; lastKnownFileType = sourcecode.c.h; path = TBLoginViewController.h; sourceTree = "<group>"; };
		33E6C7FB181512FD009EC642 /* TBLoginViewController.m */ = {isa = PBXFileReference; fileEncoding = 4; lastKnownFileType = sourcecode.c.objc; path = TBLoginViewController.m; sourceTree = "<group>"; };
		33F6831C180ED21800524C87 /* XMPPPresence+Cryptocat.h */ = {isa = PBXFileReference; fileEncoding = 4; lastKnownFileType = sourcecode.c.h; path = "XMPPPresence+Cryptocat.h"; sourceTree = "<group>"; };
		33F6831D180ED21900524C87 /* XMPPPresence+Cryptocat.m */ = {isa = PBXFileReference; fileEncoding = 4; lastKnownFileType = sourcecode.c.objc; path = "XMPPPresence+Cryptocat.m"; sourceTree = "<group>"; };
		33F6831F180EDDC100524C87 /* TBChatViewController.h */ = {isa = PBXFileReference; fileEncoding = 4; lastKnownFileType = sourcecode.c.h; path = TBChatViewController.h; sourceTree = "<group>"; };
		33F68320180EDDC100524C87 /* TBChatViewController.m */ = {isa = PBXFileReference; fileEncoding = 4; lastKnownFileType = sourcecode.c.objc; path = TBChatViewController.m; sourceTree = "<group>"; };
		755CE0E7481542A09EFFC814 /* Pods.xcconfig */ = {isa = PBXFileReference; includeInIndex = 1; lastKnownFileType = text.xcconfig; name = Pods.xcconfig; path = Pods/Pods.xcconfig; sourceTree = "<group>"; };
		FB88AE4167A9417F92564155 /* libPods.a */ = {isa = PBXFileReference; explicitFileType = archive.ar; includeInIndex = 0; path = libPods.a; sourceTree = BUILT_PRODUCTS_DIR; };
/* End PBXFileReference section */

/* Begin PBXFrameworksBuildPhase section */
		339DD1A517F0399400C3E8E6 /* Frameworks */ = {
			isa = PBXFrameworksBuildPhase;
			buildActionMask = 2147483647;
			files = (
				339DD1AE17F0399400C3E8E6 /* CoreGraphics.framework in Frameworks */,
				339DD1B017F0399400C3E8E6 /* UIKit.framework in Frameworks */,
				339DD1AC17F0399400C3E8E6 /* Foundation.framework in Frameworks */,
				976AB9436ED44BA3A75E898B /* libPods.a in Frameworks */,
			);
			runOnlyForDeploymentPostprocessing = 0;
		};
		339DD1C917F0399400C3E8E6 /* Frameworks */ = {
			isa = PBXFrameworksBuildPhase;
			buildActionMask = 2147483647;
			files = (
				339DD1CE17F0399400C3E8E6 /* XCTest.framework in Frameworks */,
				339DD1D017F0399400C3E8E6 /* UIKit.framework in Frameworks */,
				339DD1CF17F0399400C3E8E6 /* Foundation.framework in Frameworks */,
			);
			runOnlyForDeploymentPostprocessing = 0;
		};
/* End PBXFrameworksBuildPhase section */

/* Begin PBXGroup section */
		3301304C17F18A2B00287253 /* XEP-0077 */ = {
			isa = PBXGroup;
			children = (
				3301304D17F18A3500287253 /* Source Files */,
			);
			name = "XEP-0077";
			sourceTree = "<group>";
		};
		3301304D17F18A3500287253 /* Source Files */ = {
			isa = PBXGroup;
			children = (
				3301305117F18F0800287253 /* XMPPIQ+XEP_0077.h */,
				3301305217F18F0800287253 /* XMPPIQ+XEP_0077.m */,
				3301304E17F18A5E00287253 /* XMPPInBandRegistration.h */,
				3301304F17F18A5E00287253 /* XMPPInBandRegistration.m */,
			);
			name = "Source Files";
			sourceTree = "<group>";
		};
		330130C317F431B800287253 /* Categories */ = {
			isa = PBXGroup;
			children = (
				330130C417F431CF00287253 /* XMPPMessage+Cryptocat.h */,
				330130C517F431CF00287253 /* XMPPMessage+Cryptocat.m */,
				33F6831C180ED21800524C87 /* XMPPPresence+Cryptocat.h */,
				33F6831D180ED21900524C87 /* XMPPPresence+Cryptocat.m */,
				330130C717F4453000287253 /* NSString+Cryptocat.h */,
				330130C817F4453000287253 /* NSString+Cryptocat.m */,
			);
			name = Categories;
			sourceTree = "<group>";
		};
		330131DE17FB181F00287253 /* XMPP */ = {
			isa = PBXGroup;
			children = (
				339DD1E817F0507F00C3E8E6 /* TBXMPPManager.h */,
				339DD1E917F0507F00C3E8E6 /* TBXMPPManager.m */,
				330131DB17FB0D6000287253 /* TBXMPPMessagesHandler.h */,
				330131DC17FB0D6000287253 /* TBXMPPMessagesHandler.m */,
			);
			name = XMPP;
			sourceTree = "<group>";
		};
		339DD19F17F0399400C3E8E6 = {
			isa = PBXGroup;
			children = (
				339DD1B117F0399400C3E8E6 /* Cryptocat */,
				339DD1D317F0399400C3E8E6 /* CryptocatTests */,
				339DD1AA17F0399400C3E8E6 /* Frameworks */,
				339DD1A917F0399400C3E8E6 /* Products */,
				755CE0E7481542A09EFFC814 /* Pods.xcconfig */,
			);
			sourceTree = "<group>";
		};
		339DD1A917F0399400C3E8E6 /* Products */ = {
			isa = PBXGroup;
			children = (
				339DD1A817F0399400C3E8E6 /* Cryptocat.app */,
				339DD1CC17F0399400C3E8E6 /* CryptocatTests.xctest */,
			);
			name = Products;
			sourceTree = "<group>";
		};
		339DD1AA17F0399400C3E8E6 /* Frameworks */ = {
			isa = PBXGroup;
			children = (
				339DD1AB17F0399400C3E8E6 /* Foundation.framework */,
				339DD1AD17F0399400C3E8E6 /* CoreGraphics.framework */,
				339DD1AF17F0399400C3E8E6 /* UIKit.framework */,
				339DD1CD17F0399400C3E8E6 /* XCTest.framework */,
				FB88AE4167A9417F92564155 /* libPods.a */,
			);
			name = Frameworks;
			sourceTree = "<group>";
		};
		339DD1B117F0399400C3E8E6 /* Cryptocat */ = {
			isa = PBXGroup;
			children = (
				330130C317F431B800287253 /* Categories */,
				3301304C17F18A2B00287253 /* XEP-0077 */,
				330131DE17FB181F00287253 /* XMPP */,
				339DD1E517F039F400C3E8E6 /* Models */,
				339DD1E417F039EC00C3E8E6 /* Views */,
				339DD1E317F039DD00C3E8E6 /* Controllers */,
				339DD1BA17F0399400C3E8E6 /* TBAppDelegate.h */,
				339DD1BB17F0399400C3E8E6 /* TBAppDelegate.m */,
				339DD1BD17F0399400C3E8E6 /* Main.storyboard */,
				339DD1C617F0399400C3E8E6 /* Images.xcassets */,
				339DD1B217F0399400C3E8E6 /* Supporting Files */,
			);
			path = Cryptocat;
			sourceTree = "<group>";
		};
		339DD1B217F0399400C3E8E6 /* Supporting Files */ = {
			isa = PBXGroup;
			children = (
				339DD1E617F03ADC00C3E8E6 /* TBMacros.h */,
				339DD1B317F0399400C3E8E6 /* Cryptocat-Info.plist */,
				339DD1B417F0399400C3E8E6 /* InfoPlist.strings */,
				339DD1B717F0399400C3E8E6 /* main.m */,
				339DD1B917F0399400C3E8E6 /* Cryptocat-Prefix.pch */,
			);
			name = "Supporting Files";
			sourceTree = "<group>";
		};
		339DD1D317F0399400C3E8E6 /* CryptocatTests */ = {
			isa = PBXGroup;
			children = (
				339DD1D917F0399400C3E8E6 /* CryptocatTests.m */,
				339DD1D417F0399400C3E8E6 /* Supporting Files */,
			);
			path = CryptocatTests;
			sourceTree = "<group>";
		};
		339DD1D417F0399400C3E8E6 /* Supporting Files */ = {
			isa = PBXGroup;
			children = (
				339DD1D517F0399400C3E8E6 /* CryptocatTests-Info.plist */,
				339DD1D617F0399400C3E8E6 /* InfoPlist.strings */,
			);
			name = "Supporting Files";
			sourceTree = "<group>";
		};
		339DD1E317F039DD00C3E8E6 /* Controllers */ = {
			isa = PBXGroup;
			children = (
				33E6C7FA181512FD009EC642 /* TBLoginViewController.h */,
				33E6C7FB181512FD009EC642 /* TBLoginViewController.m */,
				33F6831F180EDDC100524C87 /* TBChatViewController.h */,
				33F68320180EDDC100524C87 /* TBChatViewController.m */,
				33C3651218102413003EAF93 /* TBBuddiesViewController.h */,
				33C3651318102413003EAF93 /* TBBuddiesViewController.m */,
			);
			name = Controllers;
			sourceTree = "<group>";
		};
		339DD1E417F039EC00C3E8E6 /* Views */ = {
			isa = PBXGroup;
			children = (
			);
			name = Views;
			sourceTree = "<group>";
		};
		339DD1E517F039F400C3E8E6 /* Models */ = {
			isa = PBXGroup;
			children = (
			);
			name = Models;
			sourceTree = "<group>";
		};
/* End PBXGroup section */

/* Begin PBXNativeTarget section */
		339DD1A717F0399400C3E8E6 /* Cryptocat */ = {
			isa = PBXNativeTarget;
			buildConfigurationList = 339DD1DD17F0399400C3E8E6 /* Build configuration list for PBXNativeTarget "Cryptocat" */;
			buildPhases = (
				8E3EECEEA7FA4F0283C1254F /* Check Pods Manifest.lock */,
				339DD1A417F0399400C3E8E6 /* Sources */,
				339DD1A517F0399400C3E8E6 /* Frameworks */,
				339DD1A617F0399400C3E8E6 /* Resources */,
				340B4E4007974583B548E357 /* Copy Pods Resources */,
			);
			buildRules = (
			);
			dependencies = (
			);
			name = Cryptocat;
			productName = Cryptocat;
			productReference = 339DD1A817F0399400C3E8E6 /* Cryptocat.app */;
			productType = "com.apple.product-type.application";
		};
		339DD1CB17F0399400C3E8E6 /* CryptocatTests */ = {
			isa = PBXNativeTarget;
			buildConfigurationList = 339DD1E017F0399400C3E8E6 /* Build configuration list for PBXNativeTarget "CryptocatTests" */;
			buildPhases = (
				339DD1C817F0399400C3E8E6 /* Sources */,
				339DD1C917F0399400C3E8E6 /* Frameworks */,
				339DD1CA17F0399400C3E8E6 /* Resources */,
			);
			buildRules = (
			);
			dependencies = (
				339DD1D217F0399400C3E8E6 /* PBXTargetDependency */,
			);
			name = CryptocatTests;
			productName = CryptocatTests;
			productReference = 339DD1CC17F0399400C3E8E6 /* CryptocatTests.xctest */;
			productType = "com.apple.product-type.bundle.unit-test";
		};
/* End PBXNativeTarget section */

/* Begin PBXProject section */
		339DD1A017F0399400C3E8E6 /* Project object */ = {
			isa = PBXProject;
			attributes = {
				CLASSPREFIX = TB;
				LastUpgradeCheck = 0500;
				ORGANIZATIONNAME = "Thomas Balthazar";
				TargetAttributes = {
					339DD1CB17F0399400C3E8E6 = {
						TestTargetID = 339DD1A717F0399400C3E8E6;
					};
				};
			};
			buildConfigurationList = 339DD1A317F0399400C3E8E6 /* Build configuration list for PBXProject "Cryptocat" */;
			compatibilityVersion = "Xcode 3.2";
			developmentRegion = English;
			hasScannedForEncodings = 0;
			knownRegions = (
				en,
				Base,
			);
			mainGroup = 339DD19F17F0399400C3E8E6;
			productRefGroup = 339DD1A917F0399400C3E8E6 /* Products */;
			projectDirPath = "";
			projectRoot = "";
			targets = (
				339DD1A717F0399400C3E8E6 /* Cryptocat */,
				339DD1CB17F0399400C3E8E6 /* CryptocatTests */,
			);
		};
/* End PBXProject section */

/* Begin PBXResourcesBuildPhase section */
		339DD1A617F0399400C3E8E6 /* Resources */ = {
			isa = PBXResourcesBuildPhase;
			buildActionMask = 2147483647;
			files = (
				339DD1C717F0399400C3E8E6 /* Images.xcassets in Resources */,
				339DD1B617F0399400C3E8E6 /* InfoPlist.strings in Resources */,
				339DD1BF17F0399400C3E8E6 /* Main.storyboard in Resources */,
			);
			runOnlyForDeploymentPostprocessing = 0;
		};
		339DD1CA17F0399400C3E8E6 /* Resources */ = {
			isa = PBXResourcesBuildPhase;
			buildActionMask = 2147483647;
			files = (
				339DD1D817F0399400C3E8E6 /* InfoPlist.strings in Resources */,
			);
			runOnlyForDeploymentPostprocessing = 0;
		};
/* End PBXResourcesBuildPhase section */

/* Begin PBXShellScriptBuildPhase section */
		340B4E4007974583B548E357 /* Copy Pods Resources */ = {
			isa = PBXShellScriptBuildPhase;
			buildActionMask = 2147483647;
			files = (
			);
			inputPaths = (
			);
			name = "Copy Pods Resources";
			outputPaths = (
			);
			runOnlyForDeploymentPostprocessing = 0;
			shellPath = /bin/sh;
			shellScript = "\"${SRCROOT}/Pods/Pods-resources.sh\"\n";
			showEnvVarsInLog = 0;
		};
		8E3EECEEA7FA4F0283C1254F /* Check Pods Manifest.lock */ = {
			isa = PBXShellScriptBuildPhase;
			buildActionMask = 2147483647;
			files = (
			);
			inputPaths = (
			);
			name = "Check Pods Manifest.lock";
			outputPaths = (
			);
			runOnlyForDeploymentPostprocessing = 0;
			shellPath = /bin/sh;
			shellScript = "diff \"${PODS_ROOT}/../Podfile.lock\" \"${PODS_ROOT}/Manifest.lock\" > /dev/null\nif [[ $? != 0 ]] ; then\n    cat << EOM\nerror: The sandbox is not in sync with the Podfile.lock. Run 'pod install' or update your CocoaPods installation.\nEOM\n    exit 1\nfi\n";
			showEnvVarsInLog = 0;
		};
/* End PBXShellScriptBuildPhase section */

/* Begin PBXSourcesBuildPhase section */
		339DD1A417F0399400C3E8E6 /* Sources */ = {
			isa = PBXSourcesBuildPhase;
			buildActionMask = 2147483647;
			files = (
				330130C617F431CF00287253 /* XMPPMessage+Cryptocat.m in Sources */,
				330131DD17FB0D6000287253 /* TBXMPPMessagesHandler.m in Sources */,
				339DD1BC17F0399400C3E8E6 /* TBAppDelegate.m in Sources */,
				339DD1EA17F0507F00C3E8E6 /* TBXMPPManager.m in Sources */,
				3301305317F18F0800287253 /* XMPPIQ+XEP_0077.m in Sources */,
				33C3651418102413003EAF93 /* TBBuddiesViewController.m in Sources */,
				33F6831E180ED21900524C87 /* XMPPPresence+Cryptocat.m in Sources */,
				3301305017F18A5E00287253 /* XMPPInBandRegistration.m in Sources */,
				33E6C7FC181512FD009EC642 /* TBLoginViewController.m in Sources */,
				339DD1B817F0399400C3E8E6 /* main.m in Sources */,
				33F68321180EDDC100524C87 /* TBChatViewController.m in Sources */,
				330130C917F4453000287253 /* NSString+Cryptocat.m in Sources */,
			);
			runOnlyForDeploymentPostprocessing = 0;
		};
		339DD1C817F0399400C3E8E6 /* Sources */ = {
			isa = PBXSourcesBuildPhase;
			buildActionMask = 2147483647;
			files = (
				339DD1DA17F0399400C3E8E6 /* CryptocatTests.m in Sources */,
			);
			runOnlyForDeploymentPostprocessing = 0;
		};
/* End PBXSourcesBuildPhase section */

/* Begin PBXTargetDependency section */
		339DD1D217F0399400C3E8E6 /* PBXTargetDependency */ = {
			isa = PBXTargetDependency;
			target = 339DD1A717F0399400C3E8E6 /* Cryptocat */;
			targetProxy = 339DD1D117F0399400C3E8E6 /* PBXContainerItemProxy */;
		};
/* End PBXTargetDependency section */

/* Begin PBXVariantGroup section */
		339DD1B417F0399400C3E8E6 /* InfoPlist.strings */ = {
			isa = PBXVariantGroup;
			children = (
				339DD1B517F0399400C3E8E6 /* en */,
			);
			name = InfoPlist.strings;
			sourceTree = "<group>";
		};
		339DD1BD17F0399400C3E8E6 /* Main.storyboard */ = {
			isa = PBXVariantGroup;
			children = (
				339DD1BE17F0399400C3E8E6 /* Base */,
			);
			name = Main.storyboard;
			sourceTree = "<group>";
		};
		339DD1D617F0399400C3E8E6 /* InfoPlist.strings */ = {
			isa = PBXVariantGroup;
			children = (
				339DD1D717F0399400C3E8E6 /* en */,
			);
			name = InfoPlist.strings;
			sourceTree = "<group>";
		};
/* End PBXVariantGroup section */

/* Begin XCBuildConfiguration section */
		339DD1DB17F0399400C3E8E6 /* Debug */ = {
			isa = XCBuildConfiguration;
			buildSettings = {
				ALWAYS_SEARCH_USER_PATHS = NO;
				ARCHS = "$(ARCHS_STANDARD_INCLUDING_64_BIT)";
				CLANG_CXX_LANGUAGE_STANDARD = "gnu++0x";
				CLANG_CXX_LIBRARY = "libc++";
				CLANG_ENABLE_MODULES = YES;
				CLANG_ENABLE_OBJC_ARC = YES;
				CLANG_WARN_BOOL_CONVERSION = YES;
				CLANG_WARN_CONSTANT_CONVERSION = YES;
				CLANG_WARN_DIRECT_OBJC_ISA_USAGE = YES_ERROR;
				CLANG_WARN_EMPTY_BODY = YES;
				CLANG_WARN_ENUM_CONVERSION = YES;
				CLANG_WARN_INT_CONVERSION = YES;
				CLANG_WARN_OBJC_ROOT_CLASS = YES_ERROR;
				CLANG_WARN__DUPLICATE_METHOD_MATCH = YES;
				"CODE_SIGN_IDENTITY[sdk=iphoneos*]" = "iPhone Developer";
				COPY_PHASE_STRIP = NO;
				GCC_C_LANGUAGE_STANDARD = gnu99;
				GCC_DYNAMIC_NO_PIC = NO;
				GCC_OPTIMIZATION_LEVEL = 0;
				GCC_PREPROCESSOR_DEFINITIONS = (
					"DEBUG=1",
					"$(inherited)",
				);
				GCC_SYMBOLS_PRIVATE_EXTERN = NO;
				GCC_WARN_64_TO_32_BIT_CONVERSION = YES;
				GCC_WARN_ABOUT_RETURN_TYPE = YES_ERROR;
				GCC_WARN_UNDECLARED_SELECTOR = YES;
				GCC_WARN_UNINITIALIZED_AUTOS = YES;
				GCC_WARN_UNUSED_FUNCTION = YES;
				GCC_WARN_UNUSED_VARIABLE = YES;
				IPHONEOS_DEPLOYMENT_TARGET = 7.0;
				LIBRARY_SEARCH_PATHS = "";
				ONLY_ACTIVE_ARCH = YES;
				SDKROOT = iphoneos;
			};
			name = Debug;
		};
		339DD1DC17F0399400C3E8E6 /* Release */ = {
			isa = XCBuildConfiguration;
			buildSettings = {
				ALWAYS_SEARCH_USER_PATHS = NO;
				ARCHS = "$(ARCHS_STANDARD_INCLUDING_64_BIT)";
				CLANG_CXX_LANGUAGE_STANDARD = "gnu++0x";
				CLANG_CXX_LIBRARY = "libc++";
				CLANG_ENABLE_MODULES = YES;
				CLANG_ENABLE_OBJC_ARC = YES;
				CLANG_WARN_BOOL_CONVERSION = YES;
				CLANG_WARN_CONSTANT_CONVERSION = YES;
				CLANG_WARN_DIRECT_OBJC_ISA_USAGE = YES_ERROR;
				CLANG_WARN_EMPTY_BODY = YES;
				CLANG_WARN_ENUM_CONVERSION = YES;
				CLANG_WARN_INT_CONVERSION = YES;
				CLANG_WARN_OBJC_ROOT_CLASS = YES_ERROR;
				CLANG_WARN__DUPLICATE_METHOD_MATCH = YES;
				"CODE_SIGN_IDENTITY[sdk=iphoneos*]" = "iPhone Developer";
				COPY_PHASE_STRIP = YES;
				ENABLE_NS_ASSERTIONS = NO;
				GCC_C_LANGUAGE_STANDARD = gnu99;
				GCC_WARN_64_TO_32_BIT_CONVERSION = YES;
				GCC_WARN_ABOUT_RETURN_TYPE = YES_ERROR;
				GCC_WARN_UNDECLARED_SELECTOR = YES;
				GCC_WARN_UNINITIALIZED_AUTOS = YES;
				GCC_WARN_UNUSED_FUNCTION = YES;
				GCC_WARN_UNUSED_VARIABLE = YES;
				IPHONEOS_DEPLOYMENT_TARGET = 7.0;
				LIBRARY_SEARCH_PATHS = "";
				SDKROOT = iphoneos;
				VALIDATE_PRODUCT = YES;
			};
			name = Release;
		};
		339DD1DE17F0399400C3E8E6 /* Debug */ = {
			isa = XCBuildConfiguration;
			baseConfigurationReference = 755CE0E7481542A09EFFC814 /* Pods.xcconfig */;
			buildSettings = {
				ASSETCATALOG_COMPILER_APPICON_NAME = AppIcon;
				ASSETCATALOG_COMPILER_LAUNCHIMAGE_NAME = LaunchImage;
				GCC_PRECOMPILE_PREFIX_HEADER = YES;
				GCC_PREFIX_HEADER = "Cryptocat/Cryptocat-Prefix.pch";
				INFOPLIST_FILE = "Cryptocat/Cryptocat-Info.plist";
				LIBRARY_SEARCH_PATHS = (
					"$(inherited)",
					/Users/tba/Documents/dev/code/Cryptocat/Cryptocat/Cryptocat,
				);
				PRODUCT_NAME = "$(TARGET_NAME)";
				WRAPPER_EXTENSION = app;
			};
			name = Debug;
		};
		339DD1DF17F0399400C3E8E6 /* Release */ = {
			isa = XCBuildConfiguration;
			baseConfigurationReference = 755CE0E7481542A09EFFC814 /* Pods.xcconfig */;
			buildSettings = {
				ASSETCATALOG_COMPILER_APPICON_NAME = AppIcon;
				ASSETCATALOG_COMPILER_LAUNCHIMAGE_NAME = LaunchImage;
				GCC_PRECOMPILE_PREFIX_HEADER = YES;
				GCC_PREFIX_HEADER = "Cryptocat/Cryptocat-Prefix.pch";
				INFOPLIST_FILE = "Cryptocat/Cryptocat-Info.plist";
				LIBRARY_SEARCH_PATHS = (
					"$(inherited)",
					/Users/tba/Documents/dev/code/Cryptocat/Cryptocat/Cryptocat,
				);
				PRODUCT_NAME = "$(TARGET_NAME)";
				WRAPPER_EXTENSION = app;
			};
			name = Release;
		};
		339DD1E117F0399400C3E8E6 /* Debug */ = {
			isa = XCBuildConfiguration;
			buildSettings = {
				ARCHS = "$(ARCHS_STANDARD_INCLUDING_64_BIT)";
				BUNDLE_LOADER = "$(BUILT_PRODUCTS_DIR)/Cryptocat.app/Cryptocat";
				FRAMEWORK_SEARCH_PATHS = (
					"$(SDKROOT)/Developer/Library/Frameworks",
					"$(inherited)",
					"$(DEVELOPER_FRAMEWORKS_DIR)",
				);
				GCC_PRECOMPILE_PREFIX_HEADER = YES;
				GCC_PREFIX_HEADER = "Cryptocat/Cryptocat-Prefix.pch";
				GCC_PREPROCESSOR_DEFINITIONS = (
					"DEBUG=1",
					"$(inherited)",
				);
				INFOPLIST_FILE = "CryptocatTests/CryptocatTests-Info.plist";
				PRODUCT_NAME = "$(TARGET_NAME)";
				TEST_HOST = "$(BUNDLE_LOADER)";
				WRAPPER_EXTENSION = xctest;
			};
			name = Debug;
		};
		339DD1E217F0399400C3E8E6 /* Release */ = {
			isa = XCBuildConfiguration;
			buildSettings = {
				ARCHS = "$(ARCHS_STANDARD_INCLUDING_64_BIT)";
				BUNDLE_LOADER = "$(BUILT_PRODUCTS_DIR)/Cryptocat.app/Cryptocat";
				FRAMEWORK_SEARCH_PATHS = (
					"$(SDKROOT)/Developer/Library/Frameworks",
					"$(inherited)",
					"$(DEVELOPER_FRAMEWORKS_DIR)",
				);
				GCC_PRECOMPILE_PREFIX_HEADER = YES;
				GCC_PREFIX_HEADER = "Cryptocat/Cryptocat-Prefix.pch";
				INFOPLIST_FILE = "CryptocatTests/CryptocatTests-Info.plist";
				PRODUCT_NAME = "$(TARGET_NAME)";
				TEST_HOST = "$(BUNDLE_LOADER)";
				WRAPPER_EXTENSION = xctest;
			};
			name = Release;
		};
/* End XCBuildConfiguration section */

/* Begin XCConfigurationList section */
		339DD1A317F0399400C3E8E6 /* Build configuration list for PBXProject "Cryptocat" */ = {
			isa = XCConfigurationList;
			buildConfigurations = (
				339DD1DB17F0399400C3E8E6 /* Debug */,
				339DD1DC17F0399400C3E8E6 /* Release */,
			);
			defaultConfigurationIsVisible = 0;
			defaultConfigurationName = Release;
		};
		339DD1DD17F0399400C3E8E6 /* Build configuration list for PBXNativeTarget "Cryptocat" */ = {
			isa = XCConfigurationList;
			buildConfigurations = (
				339DD1DE17F0399400C3E8E6 /* Debug */,
				339DD1DF17F0399400C3E8E6 /* Release */,
			);
			defaultConfigurationIsVisible = 0;
			defaultConfigurationName = Release;
		};
		339DD1E017F0399400C3E8E6 /* Build configuration list for PBXNativeTarget "CryptocatTests" */ = {
			isa = XCConfigurationList;
			buildConfigurations = (
				339DD1E117F0399400C3E8E6 /* Debug */,
				339DD1E217F0399400C3E8E6 /* Release */,
			);
			defaultConfigurationIsVisible = 0;
			defaultConfigurationName = Release;
		};
/* End XCConfigurationList section */
	};
	rootObject = 339DD1A017F0399400C3E8E6 /* Project object */;
}
