// !$*UTF8*$!
{
	archiveVersion = 1;
	classes = {
	};
	objectVersion = 46;
	objects = {

/* Begin PBXBuildFile section */
		3301305017F18A5E00287253 /* XMPPInBandRegistration.m in Sources */ = {isa = PBXBuildFile; fileRef = 3301304F17F18A5E00287253 /* XMPPInBandRegistration.m */; };
		3301305317F18F0800287253 /* XMPPIQ+XEP_0077.m in Sources */ = {isa = PBXBuildFile; fileRef = 3301305217F18F0800287253 /* XMPPIQ+XEP_0077.m */; };
		330130C617F431CF00287253 /* XMPPMessage+Cryptocat.m in Sources */ = {isa = PBXBuildFile; fileRef = 330130C517F431CF00287253 /* XMPPMessage+Cryptocat.m */; };
		330130C917F4453000287253 /* NSString+Cryptocat.m in Sources */ = {isa = PBXBuildFile; fileRef = 330130C817F4453000287253 /* NSString+Cryptocat.m */; };
		330131DD17FB0D6000287253 /* TBXMPPMessagesHandler.m in Sources */ = {isa = PBXBuildFile; fileRef = 330131DC17FB0D6000287253 /* TBXMPPMessagesHandler.m */; };
		3317DCDA181FD39E008353E5 /* TBConstants.m in Sources */ = {isa = PBXBuildFile; fileRef = 3317DCD9181FD39E008353E5 /* TBConstants.m */; };
		332CA4CD1819108C00233E92 /* TBMeViewController.m in Sources */ = {isa = PBXBuildFile; fileRef = 332CA4CC1819108C00233E92 /* TBMeViewController.m */; };
		332CA4D0181955B500233E92 /* TBBuddy.m in Sources */ = {isa = PBXBuildFile; fileRef = 332CA4CF181955B500233E92 /* TBBuddy.m */; };
		3346522A1828EC8B00280518 /* UIColor+Cryptocat.m in Sources */ = {isa = PBXBuildFile; fileRef = 334652291828EC8B00280518 /* UIColor+Cryptocat.m */; };
		3346522D1829044600280518 /* TBButtonCell.m in Sources */ = {isa = PBXBuildFile; fileRef = 3346522C1829044600280518 /* TBButtonCell.m */; };
		3379BA24181EBAE0002A316F /* TBBuddyViewController.m in Sources */ = {isa = PBXBuildFile; fileRef = 3379BA23181EBAE0002A316F /* TBBuddyViewController.m */; };
		339DD1AC17F0399400C3E8E6 /* Foundation.framework in Frameworks */ = {isa = PBXBuildFile; fileRef = 339DD1AB17F0399400C3E8E6 /* Foundation.framework */; };
		339DD1AE17F0399400C3E8E6 /* CoreGraphics.framework in Frameworks */ = {isa = PBXBuildFile; fileRef = 339DD1AD17F0399400C3E8E6 /* CoreGraphics.framework */; };
		339DD1B017F0399400C3E8E6 /* UIKit.framework in Frameworks */ = {isa = PBXBuildFile; fileRef = 339DD1AF17F0399400C3E8E6 /* UIKit.framework */; };
		339DD1B617F0399400C3E8E6 /* InfoPlist.strings in Resources */ = {isa = PBXBuildFile; fileRef = 339DD1B417F0399400C3E8E6 /* InfoPlist.strings */; };
		339DD1B817F0399400C3E8E6 /* main.m in Sources */ = {isa = PBXBuildFile; fileRef = 339DD1B717F0399400C3E8E6 /* main.m */; };
		339DD1BC17F0399400C3E8E6 /* TBAppDelegate.m in Sources */ = {isa = PBXBuildFile; fileRef = 339DD1BB17F0399400C3E8E6 /* TBAppDelegate.m */; };
		339DD1BF17F0399400C3E8E6 /* Main.storyboard in Resources */ = {isa = PBXBuildFile; fileRef = 339DD1BD17F0399400C3E8E6 /* Main.storyboard */; };
		339DD1C717F0399400C3E8E6 /* Images.xcassets in Resources */ = {isa = PBXBuildFile; fileRef = 339DD1C617F0399400C3E8E6 /* Images.xcassets */; };
		339DD1CE17F0399400C3E8E6 /* XCTest.framework in Frameworks */ = {isa = PBXBuildFile; fileRef = 339DD1CD17F0399400C3E8E6 /* XCTest.framework */; };
		339DD1CF17F0399400C3E8E6 /* Foundation.framework in Frameworks */ = {isa = PBXBuildFile; fileRef = 339DD1AB17F0399400C3E8E6 /* Foundation.framework */; };
		339DD1D017F0399400C3E8E6 /* UIKit.framework in Frameworks */ = {isa = PBXBuildFile; fileRef = 339DD1AF17F0399400C3E8E6 /* UIKit.framework */; };
		339DD1D817F0399400C3E8E6 /* InfoPlist.strings in Resources */ = {isa = PBXBuildFile; fileRef = 339DD1D617F0399400C3E8E6 /* InfoPlist.strings */; };
		339DD1DA17F0399400C3E8E6 /* CryptocatTests.m in Sources */ = {isa = PBXBuildFile; fileRef = 339DD1D917F0399400C3E8E6 /* CryptocatTests.m */; };
		339DD1EA17F0507F00C3E8E6 /* TBXMPPManager.m in Sources */ = {isa = PBXBuildFile; fileRef = 339DD1E917F0507F00C3E8E6 /* TBXMPPManager.m */; };
		33B936DA18327EC4003497AC /* TBMessageCell.m in Sources */ = {isa = PBXBuildFile; fileRef = 33B936D518327EC4003497AC /* TBMessageCell.m */; };
		33B936DB18327EC4003497AC /* TBMessageCellView.m in Sources */ = {isa = PBXBuildFile; fileRef = 33B936D718327EC4003497AC /* TBMessageCellView.m */; };
		33B936DC18327EC4003497AC /* TBBubbleView.m in Sources */ = {isa = PBXBuildFile; fileRef = 33B936D918327EC4003497AC /* TBBubbleView.m */; };
		33B936DF18327EDC003497AC /* TBChatToolbarView.m in Sources */ = {isa = PBXBuildFile; fileRef = 33B936DE18327EDC003497AC /* TBChatToolbarView.m */; };
		33B936E118327EF4003497AC /* Monda-Regular.ttf in Resources */ = {isa = PBXBuildFile; fileRef = 33B936E018327EF4003497AC /* Monda-Regular.ttf */; };
		33B936E4183289A0003497AC /* TBMessage.m in Sources */ = {isa = PBXBuildFile; fileRef = 33B936E3183289A0003497AC /* TBMessage.m */; };
		33B936E71833E7D7003497AC /* TBFingerprintCell.m in Sources */ = {isa = PBXBuildFile; fileRef = 33B936E61833E7D7003497AC /* TBFingerprintCell.m */; };
		33B936E91835082E003497AC /* MobileCoreServices.framework in Frameworks */ = {isa = PBXBuildFile; fileRef = 33B936E81835082E003497AC /* MobileCoreServices.framework */; };
		33B936EC18362455003497AC /* TBChateStateNotification.m in Sources */ = {isa = PBXBuildFile; fileRef = 33B936EB18362455003497AC /* TBChateStateNotification.m */; };
		33C3651418102413003EAF93 /* TBBuddiesViewController.m in Sources */ = {isa = PBXBuildFile; fileRef = 33C3651318102413003EAF93 /* TBBuddiesViewController.m */; };
		33D715DF1836808D003FA973 /* Settings.bundle in Resources */ = {isa = PBXBuildFile; fileRef = 33D715DE1836808D003FA973 /* Settings.bundle */; };
		33D715ED18368A22003FA973 /* libz.dylib in Frameworks */ = {isa = PBXBuildFile; fileRef = 33D715EC18368A22003FA973 /* libz.dylib */; };
		33D715F518368B48003FA973 /* libTestFlight.a in Frameworks */ = {isa = PBXBuildFile; fileRef = 33D715EF18368B48003FA973 /* libTestFlight.a */; };
		33E6C7FC181512FD009EC642 /* TBLoginViewController.m in Sources */ = {isa = PBXBuildFile; fileRef = 33E6C7FB181512FD009EC642 /* TBLoginViewController.m */; };
		33E6C7FF18155870009EC642 /* NSError+Cryptocat.m in Sources */ = {isa = PBXBuildFile; fileRef = 33E6C7FE18155870009EC642 /* NSError+Cryptocat.m */; };
		33E8F9F1183B622A007DDAAB /* TBBubbleCellView.m in Sources */ = {isa = PBXBuildFile; fileRef = 33E8F9F0183B622A007DDAAB /* TBBubbleCellView.m */; };
		33E8F9F4183B695E007DDAAB /* TBComposingCellView.m in Sources */ = {isa = PBXBuildFile; fileRef = 33E8F9F3183B695E007DDAAB /* TBComposingCellView.m */; };
		33E8F9FB183B7095007DDAAB /* TBComposingCell.m in Sources */ = {isa = PBXBuildFile; fileRef = 33E8F9FA183B7095007DDAAB /* TBComposingCell.m */; };
		33E8FA1B183B95FC007DDAAB /* SVWebViewController.strings in Resources */ = {isa = PBXBuildFile; fileRef = 33E8F9FE183B95FC007DDAAB /* SVWebViewController.strings */; };
		33E8FA1C183B95FC007DDAAB /* SVModalWebViewController.m in Sources */ = {isa = PBXBuildFile; fileRef = 33E8FA06183B95FC007DDAAB /* SVModalWebViewController.m */; };
		33E8FA1D183B95FC007DDAAB /* SVWebViewController.bundle in Resources */ = {isa = PBXBuildFile; fileRef = 33E8FA07183B95FC007DDAAB /* SVWebViewController.bundle */; };
		33E8FA1E183B95FC007DDAAB /* SVWebViewController.m in Sources */ = {isa = PBXBuildFile; fileRef = 33E8FA09183B95FC007DDAAB /* SVWebViewController.m */; };
		33E8FA1F183B95FC007DDAAB /* SVWebViewControllerActivityChrome-iPad.png in Resources */ = {isa = PBXBuildFile; fileRef = 33E8FA0C183B95FC007DDAAB /* SVWebViewControllerActivityChrome-iPad.png */; };
		33E8FA20183B95FC007DDAAB /* SVWebViewControllerActivityChrome-iPad@2x.png in Resources */ = {isa = PBXBuildFile; fileRef = 33E8FA0D183B95FC007DDAAB /* SVWebViewControllerActivityChrome-iPad@2x.png */; };
		33E8FA21183B95FC007DDAAB /* SVWebViewControllerActivityChrome.m in Sources */ = {isa = PBXBuildFile; fileRef = 33E8FA0F183B95FC007DDAAB /* SVWebViewControllerActivityChrome.m */; };
		33E8FA22183B95FC007DDAAB /* SVWebViewControllerActivityChrome@2x.png in Resources */ = {isa = PBXBuildFile; fileRef = 33E8FA10183B95FC007DDAAB /* SVWebViewControllerActivityChrome@2x.png */; };
		33E8FA23183B95FC007DDAAB /* SVWebViewControllerActivitySafari-iPad.png in Resources */ = {isa = PBXBuildFile; fileRef = 33E8FA12183B95FC007DDAAB /* SVWebViewControllerActivitySafari-iPad.png */; };
		33E8FA24183B95FC007DDAAB /* SVWebViewControllerActivitySafari-iPad@2x.png in Resources */ = {isa = PBXBuildFile; fileRef = 33E8FA13183B95FC007DDAAB /* SVWebViewControllerActivitySafari-iPad@2x.png */; };
		33E8FA25183B95FC007DDAAB /* SVWebViewControllerActivitySafari.m in Sources */ = {isa = PBXBuildFile; fileRef = 33E8FA15183B95FC007DDAAB /* SVWebViewControllerActivitySafari.m */; };
		33E8FA26183B95FC007DDAAB /* SVWebViewControllerActivitySafari@2x.png in Resources */ = {isa = PBXBuildFile; fileRef = 33E8FA16183B95FC007DDAAB /* SVWebViewControllerActivitySafari@2x.png */; };
		33E8FA27183B95FC007DDAAB /* SVWebViewControllerActivity.m in Sources */ = {isa = PBXBuildFile; fileRef = 33E8FA18183B95FC007DDAAB /* SVWebViewControllerActivity.m */; };
		33F6831E180ED21900524C87 /* XMPPPresence+Cryptocat.m in Sources */ = {isa = PBXBuildFile; fileRef = 33F6831D180ED21900524C87 /* XMPPPresence+Cryptocat.m */; };
		33F68321180EDDC100524C87 /* TBChatViewController.m in Sources */ = {isa = PBXBuildFile; fileRef = 33F68320180EDDC100524C87 /* TBChatViewController.m */; };
		976AB9436ED44BA3A75E898B /* libPods.a in Frameworks */ = {isa = PBXBuildFile; fileRef = FB88AE4167A9417F92564155 /* libPods.a */; };
/* End PBXBuildFile section */

/* Begin PBXContainerItemProxy section */
		339DD1D117F0399400C3E8E6 /* PBXContainerItemProxy */ = {
			isa = PBXContainerItemProxy;
			containerPortal = 339DD1A017F0399400C3E8E6 /* Project object */;
			proxyType = 1;
			remoteGlobalIDString = 339DD1A717F0399400C3E8E6;
			remoteInfo = Cryptocat;
		};
/* End PBXContainerItemProxy section */

/* Begin PBXFileReference section */
		3301304E17F18A5E00287253 /* XMPPInBandRegistration.h */ = {isa = PBXFileReference; fileEncoding = 4; lastKnownFileType = sourcecode.c.h; path = XMPPInBandRegistration.h; sourceTree = "<group>"; };
		3301304F17F18A5E00287253 /* XMPPInBandRegistration.m */ = {isa = PBXFileReference; fileEncoding = 4; lastKnownFileType = sourcecode.c.objc; path = XMPPInBandRegistration.m; sourceTree = "<group>"; };
		3301305117F18F0800287253 /* XMPPIQ+XEP_0077.h */ = {isa = PBXFileReference; fileEncoding = 4; lastKnownFileType = sourcecode.c.h; path = "XMPPIQ+XEP_0077.h"; sourceTree = "<group>"; };
		3301305217F18F0800287253 /* XMPPIQ+XEP_0077.m */ = {isa = PBXFileReference; fileEncoding = 4; lastKnownFileType = sourcecode.c.objc; path = "XMPPIQ+XEP_0077.m"; sourceTree = "<group>"; };
		330130C417F431CF00287253 /* XMPPMessage+Cryptocat.h */ = {isa = PBXFileReference; fileEncoding = 4; lastKnownFileType = sourcecode.c.h; path = "XMPPMessage+Cryptocat.h"; sourceTree = "<group>"; };
		330130C517F431CF00287253 /* XMPPMessage+Cryptocat.m */ = {isa = PBXFileReference; fileEncoding = 4; lastKnownFileType = sourcecode.c.objc; path = "XMPPMessage+Cryptocat.m"; sourceTree = "<group>"; };
		330130C717F4453000287253 /* NSString+Cryptocat.h */ = {isa = PBXFileReference; fileEncoding = 4; lastKnownFileType = sourcecode.c.h; path = "NSString+Cryptocat.h"; sourceTree = "<group>"; };
		330130C817F4453000287253 /* NSString+Cryptocat.m */ = {isa = PBXFileReference; fileEncoding = 4; lastKnownFileType = sourcecode.c.objc; path = "NSString+Cryptocat.m"; sourceTree = "<group>"; };
		330131DB17FB0D6000287253 /* TBXMPPMessagesHandler.h */ = {isa = PBXFileReference; fileEncoding = 4; lastKnownFileType = sourcecode.c.h; path = TBXMPPMessagesHandler.h; sourceTree = "<group>"; };
		330131DC17FB0D6000287253 /* TBXMPPMessagesHandler.m */ = {isa = PBXFileReference; fileEncoding = 4; lastKnownFileType = sourcecode.c.objc; path = TBXMPPMessagesHandler.m; sourceTree = "<group>"; };
		3317DCD8181FD39E008353E5 /* TBConstants.h */ = {isa = PBXFileReference; fileEncoding = 4; lastKnownFileType = sourcecode.c.h; path = TBConstants.h; sourceTree = "<group>"; };
		3317DCD9181FD39E008353E5 /* TBConstants.m */ = {isa = PBXFileReference; fileEncoding = 4; lastKnownFileType = sourcecode.c.objc; path = TBConstants.m; sourceTree = "<group>"; };
		332CA4CB1819108C00233E92 /* TBMeViewController.h */ = {isa = PBXFileReference; fileEncoding = 4; lastKnownFileType = sourcecode.c.h; path = TBMeViewController.h; sourceTree = "<group>"; };
		332CA4CC1819108C00233E92 /* TBMeViewController.m */ = {isa = PBXFileReference; fileEncoding = 4; lastKnownFileType = sourcecode.c.objc; path = TBMeViewController.m; sourceTree = "<group>"; };
		332CA4CE181955B500233E92 /* TBBuddy.h */ = {isa = PBXFileReference; fileEncoding = 4; lastKnownFileType = sourcecode.c.h; path = TBBuddy.h; sourceTree = "<group>"; };
		332CA4CF181955B500233E92 /* TBBuddy.m */ = {isa = PBXFileReference; fileEncoding = 4; lastKnownFileType = sourcecode.c.objc; path = TBBuddy.m; sourceTree = "<group>"; };
		334652281828EC8B00280518 /* UIColor+Cryptocat.h */ = {isa = PBXFileReference; fileEncoding = 4; lastKnownFileType = sourcecode.c.h; path = "UIColor+Cryptocat.h"; sourceTree = "<group>"; };
		334652291828EC8B00280518 /* UIColor+Cryptocat.m */ = {isa = PBXFileReference; fileEncoding = 4; lastKnownFileType = sourcecode.c.objc; path = "UIColor+Cryptocat.m"; sourceTree = "<group>"; };
		3346522B1829044600280518 /* TBButtonCell.h */ = {isa = PBXFileReference; fileEncoding = 4; lastKnownFileType = sourcecode.c.h; path = TBButtonCell.h; sourceTree = "<group>"; };
		3346522C1829044600280518 /* TBButtonCell.m */ = {isa = PBXFileReference; fileEncoding = 4; lastKnownFileType = sourcecode.c.objc; path = TBButtonCell.m; sourceTree = "<group>"; };
		3379BA22181EBAE0002A316F /* TBBuddyViewController.h */ = {isa = PBXFileReference; fileEncoding = 4; lastKnownFileType = sourcecode.c.h; path = TBBuddyViewController.h; sourceTree = "<group>"; };
		3379BA23181EBAE0002A316F /* TBBuddyViewController.m */ = {isa = PBXFileReference; fileEncoding = 4; lastKnownFileType = sourcecode.c.objc; path = TBBuddyViewController.m; sourceTree = "<group>"; };
		339DD1A817F0399400C3E8E6 /* Cryptocat.app */ = {isa = PBXFileReference; explicitFileType = wrapper.application; includeInIndex = 0; path = Cryptocat.app; sourceTree = BUILT_PRODUCTS_DIR; };
		339DD1AB17F0399400C3E8E6 /* Foundation.framework */ = {isa = PBXFileReference; lastKnownFileType = wrapper.framework; name = Foundation.framework; path = System/Library/Frameworks/Foundation.framework; sourceTree = SDKROOT; };
		339DD1AD17F0399400C3E8E6 /* CoreGraphics.framework */ = {isa = PBXFileReference; lastKnownFileType = wrapper.framework; name = CoreGraphics.framework; path = System/Library/Frameworks/CoreGraphics.framework; sourceTree = SDKROOT; };
		339DD1AF17F0399400C3E8E6 /* UIKit.framework */ = {isa = PBXFileReference; lastKnownFileType = wrapper.framework; name = UIKit.framework; path = System/Library/Frameworks/UIKit.framework; sourceTree = SDKROOT; };
		339DD1B317F0399400C3E8E6 /* Cryptocat-Info.plist */ = {isa = PBXFileReference; lastKnownFileType = text.plist.xml; path = "Cryptocat-Info.plist"; sourceTree = "<group>"; };
		339DD1B517F0399400C3E8E6 /* en */ = {isa = PBXFileReference; lastKnownFileType = text.plist.strings; name = en; path = en.lproj/InfoPlist.strings; sourceTree = "<group>"; };
		339DD1B717F0399400C3E8E6 /* main.m */ = {isa = PBXFileReference; lastKnownFileType = sourcecode.c.objc; path = main.m; sourceTree = "<group>"; };
		339DD1B917F0399400C3E8E6 /* Cryptocat-Prefix.pch */ = {isa = PBXFileReference; lastKnownFileType = sourcecode.c.h; path = "Cryptocat-Prefix.pch"; sourceTree = "<group>"; };
		339DD1BA17F0399400C3E8E6 /* TBAppDelegate.h */ = {isa = PBXFileReference; lastKnownFileType = sourcecode.c.h; path = TBAppDelegate.h; sourceTree = "<group>"; };
		339DD1BB17F0399400C3E8E6 /* TBAppDelegate.m */ = {isa = PBXFileReference; lastKnownFileType = sourcecode.c.objc; path = TBAppDelegate.m; sourceTree = "<group>"; };
		339DD1BE17F0399400C3E8E6 /* Base */ = {isa = PBXFileReference; lastKnownFileType = file.storyboard; name = Base; path = Base.lproj/Main.storyboard; sourceTree = "<group>"; };
		339DD1C617F0399400C3E8E6 /* Images.xcassets */ = {isa = PBXFileReference; lastKnownFileType = folder.assetcatalog; path = Images.xcassets; sourceTree = "<group>"; };
		339DD1CC17F0399400C3E8E6 /* CryptocatTests.xctest */ = {isa = PBXFileReference; explicitFileType = wrapper.cfbundle; includeInIndex = 0; path = CryptocatTests.xctest; sourceTree = BUILT_PRODUCTS_DIR; };
		339DD1CD17F0399400C3E8E6 /* XCTest.framework */ = {isa = PBXFileReference; lastKnownFileType = wrapper.framework; name = XCTest.framework; path = Library/Frameworks/XCTest.framework; sourceTree = DEVELOPER_DIR; };
		339DD1D517F0399400C3E8E6 /* CryptocatTests-Info.plist */ = {isa = PBXFileReference; lastKnownFileType = text.plist.xml; path = "CryptocatTests-Info.plist"; sourceTree = "<group>"; };
		339DD1D717F0399400C3E8E6 /* en */ = {isa = PBXFileReference; lastKnownFileType = text.plist.strings; name = en; path = en.lproj/InfoPlist.strings; sourceTree = "<group>"; };
		339DD1D917F0399400C3E8E6 /* CryptocatTests.m */ = {isa = PBXFileReference; lastKnownFileType = sourcecode.c.objc; path = CryptocatTests.m; sourceTree = "<group>"; };
		339DD1E617F03ADC00C3E8E6 /* TBMacros.h */ = {isa = PBXFileReference; fileEncoding = 4; lastKnownFileType = sourcecode.c.h; path = TBMacros.h; sourceTree = "<group>"; };
		339DD1E817F0507F00C3E8E6 /* TBXMPPManager.h */ = {isa = PBXFileReference; fileEncoding = 4; lastKnownFileType = sourcecode.c.h; path = TBXMPPManager.h; sourceTree = "<group>"; };
		339DD1E917F0507F00C3E8E6 /* TBXMPPManager.m */ = {isa = PBXFileReference; fileEncoding = 4; lastKnownFileType = sourcecode.c.objc; path = TBXMPPManager.m; sourceTree = "<group>"; };
		33B936D418327EC4003497AC /* TBMessageCell.h */ = {isa = PBXFileReference; fileEncoding = 4; lastKnownFileType = sourcecode.c.h; path = TBMessageCell.h; sourceTree = "<group>"; };
		33B936D518327EC4003497AC /* TBMessageCell.m */ = {isa = PBXFileReference; fileEncoding = 4; lastKnownFileType = sourcecode.c.objc; path = TBMessageCell.m; sourceTree = "<group>"; };
		33B936D618327EC4003497AC /* TBMessageCellView.h */ = {isa = PBXFileReference; fileEncoding = 4; lastKnownFileType = sourcecode.c.h; path = TBMessageCellView.h; sourceTree = "<group>"; };
		33B936D718327EC4003497AC /* TBMessageCellView.m */ = {isa = PBXFileReference; fileEncoding = 4; lastKnownFileType = sourcecode.c.objc; path = TBMessageCellView.m; sourceTree = "<group>"; };
		33B936D818327EC4003497AC /* TBBubbleView.h */ = {isa = PBXFileReference; fileEncoding = 4; lastKnownFileType = sourcecode.c.h; path = TBBubbleView.h; sourceTree = "<group>"; };
		33B936D918327EC4003497AC /* TBBubbleView.m */ = {isa = PBXFileReference; fileEncoding = 4; lastKnownFileType = sourcecode.c.objc; path = TBBubbleView.m; sourceTree = "<group>"; };
		33B936DD18327EDC003497AC /* TBChatToolbarView.h */ = {isa = PBXFileReference; fileEncoding = 4; lastKnownFileType = sourcecode.c.h; path = TBChatToolbarView.h; sourceTree = "<group>"; };
		33B936DE18327EDC003497AC /* TBChatToolbarView.m */ = {isa = PBXFileReference; fileEncoding = 4; lastKnownFileType = sourcecode.c.objc; path = TBChatToolbarView.m; sourceTree = "<group>"; };
		33B936E018327EF4003497AC /* Monda-Regular.ttf */ = {isa = PBXFileReference; lastKnownFileType = file; path = "Monda-Regular.ttf"; sourceTree = "<group>"; };
		33B936E2183289A0003497AC /* TBMessage.h */ = {isa = PBXFileReference; fileEncoding = 4; lastKnownFileType = sourcecode.c.h; path = TBMessage.h; sourceTree = "<group>"; };
		33B936E3183289A0003497AC /* TBMessage.m */ = {isa = PBXFileReference; fileEncoding = 4; lastKnownFileType = sourcecode.c.objc; path = TBMessage.m; sourceTree = "<group>"; };
		33B936E51833E7D7003497AC /* TBFingerprintCell.h */ = {isa = PBXFileReference; fileEncoding = 4; lastKnownFileType = sourcecode.c.h; path = TBFingerprintCell.h; sourceTree = "<group>"; };
		33B936E61833E7D7003497AC /* TBFingerprintCell.m */ = {isa = PBXFileReference; fileEncoding = 4; lastKnownFileType = sourcecode.c.objc; path = TBFingerprintCell.m; sourceTree = "<group>"; };
		33B936E81835082E003497AC /* MobileCoreServices.framework */ = {isa = PBXFileReference; lastKnownFileType = wrapper.framework; name = MobileCoreServices.framework; path = System/Library/Frameworks/MobileCoreServices.framework; sourceTree = SDKROOT; };
		33B936EA18362455003497AC /* TBChateStateNotification.h */ = {isa = PBXFileReference; fileEncoding = 4; lastKnownFileType = sourcecode.c.h; path = TBChateStateNotification.h; sourceTree = "<group>"; };
		33B936EB18362455003497AC /* TBChateStateNotification.m */ = {isa = PBXFileReference; fileEncoding = 4; lastKnownFileType = sourcecode.c.objc; path = TBChateStateNotification.m; sourceTree = "<group>"; };
		33C3651218102413003EAF93 /* TBBuddiesViewController.h */ = {isa = PBXFileReference; fileEncoding = 4; lastKnownFileType = sourcecode.c.h; path = TBBuddiesViewController.h; sourceTree = "<group>"; };
		33C3651318102413003EAF93 /* TBBuddiesViewController.m */ = {isa = PBXFileReference; fileEncoding = 4; lastKnownFileType = sourcecode.c.objc; path = TBBuddiesViewController.m; sourceTree = "<group>"; };
		33D715DE1836808D003FA973 /* Settings.bundle */ = {isa = PBXFileReference; lastKnownFileType = "wrapper.plug-in"; path = Settings.bundle; sourceTree = "<group>"; };
		33D715E0183682BF003FA973 /* set_versions_into_built_product_plist.rb */ = {isa = PBXFileReference; lastKnownFileType = text.script.ruby; path = set_versions_into_built_product_plist.rb; sourceTree = "<group>"; };
		33D715EC18368A22003FA973 /* libz.dylib */ = {isa = PBXFileReference; lastKnownFileType = "compiled.mach-o.dylib"; name = libz.dylib; path = usr/lib/libz.dylib; sourceTree = SDKROOT; };
		33D715EF18368B48003FA973 /* libTestFlight.a */ = {isa = PBXFileReference; lastKnownFileType = archive.ar; path = libTestFlight.a; sourceTree = "<group>"; };
		33D715F018368B48003FA973 /* README.md */ = {isa = PBXFileReference; fileEncoding = 4; lastKnownFileType = text; path = README.md; sourceTree = "<group>"; };
		33D715F118368B48003FA973 /* release_notes.md */ = {isa = PBXFileReference; fileEncoding = 4; lastKnownFileType = text; path = release_notes.md; sourceTree = "<group>"; };
		33D715F218368B48003FA973 /* TestFlight+AsyncLogging.h */ = {isa = PBXFileReference; fileEncoding = 4; lastKnownFileType = sourcecode.c.h; path = "TestFlight+AsyncLogging.h"; sourceTree = "<group>"; };
		33D715F318368B48003FA973 /* TestFlight+ManualSessions.h */ = {isa = PBXFileReference; fileEncoding = 4; lastKnownFileType = sourcecode.c.h; path = "TestFlight+ManualSessions.h"; sourceTree = "<group>"; };
		33D715F418368B48003FA973 /* TestFlight.h */ = {isa = PBXFileReference; fileEncoding = 4; lastKnownFileType = sourcecode.c.h; path = TestFlight.h; sourceTree = "<group>"; };
		33E6C7FA181512FD009EC642 /* TBLoginViewController.h */ = {isa = PBXFileReference; fileEncoding = 4; lastKnownFileType = sourcecode.c.h; path = TBLoginViewController.h; sourceTree = "<group>"; };
		33E6C7FB181512FD009EC642 /* TBLoginViewController.m */ = {isa = PBXFileReference; fileEncoding = 4; lastKnownFileType = sourcecode.c.objc; path = TBLoginViewController.m; sourceTree = "<group>"; };
		33E6C7FD18155870009EC642 /* NSError+Cryptocat.h */ = {isa = PBXFileReference; fileEncoding = 4; lastKnownFileType = sourcecode.c.h; path = "NSError+Cryptocat.h"; sourceTree = "<group>"; };
		33E6C7FE18155870009EC642 /* NSError+Cryptocat.m */ = {isa = PBXFileReference; fileEncoding = 4; lastKnownFileType = sourcecode.c.objc; path = "NSError+Cryptocat.m"; sourceTree = "<group>"; };
		33E8F9EF183B622A007DDAAB /* TBBubbleCellView.h */ = {isa = PBXFileReference; fileEncoding = 4; lastKnownFileType = sourcecode.c.h; path = TBBubbleCellView.h; sourceTree = "<group>"; };
		33E8F9F0183B622A007DDAAB /* TBBubbleCellView.m */ = {isa = PBXFileReference; fileEncoding = 4; lastKnownFileType = sourcecode.c.objc; path = TBBubbleCellView.m; sourceTree = "<group>"; };
		33E8F9F2183B695E007DDAAB /* TBComposingCellView.h */ = {isa = PBXFileReference; fileEncoding = 4; lastKnownFileType = sourcecode.c.h; path = TBComposingCellView.h; sourceTree = "<group>"; };
		33E8F9F3183B695E007DDAAB /* TBComposingCellView.m */ = {isa = PBXFileReference; fileEncoding = 4; lastKnownFileType = sourcecode.c.objc; path = TBComposingCellView.m; sourceTree = "<group>"; };
		33E8F9F9183B7095007DDAAB /* TBComposingCell.h */ = {isa = PBXFileReference; fileEncoding = 4; lastKnownFileType = sourcecode.c.h; path = TBComposingCell.h; sourceTree = "<group>"; };
		33E8F9FA183B7095007DDAAB /* TBComposingCell.m */ = {isa = PBXFileReference; fileEncoding = 4; lastKnownFileType = sourcecode.c.objc; path = TBComposingCell.m; sourceTree = "<group>"; };
		33E8F9FF183B95FC007DDAAB /* da */ = {isa = PBXFileReference; lastKnownFileType = text.plist.strings; name = da; path = da.lproj/SVWebViewController.strings; sourceTree = "<group>"; };
		33E8FA00183B95FC007DDAAB /* en */ = {isa = PBXFileReference; lastKnownFileType = text.plist.strings; name = en; path = en.lproj/SVWebViewController.strings; sourceTree = "<group>"; };
		33E8FA01183B95FC007DDAAB /* es-ES */ = {isa = PBXFileReference; lastKnownFileType = text.plist.strings; name = "es-ES"; path = "es-ES.lproj/SVWebViewController.strings"; sourceTree = "<group>"; };
		33E8FA02183B95FC007DDAAB /* es */ = {isa = PBXFileReference; lastKnownFileType = text.plist.strings; name = es; path = es.lproj/SVWebViewController.strings; sourceTree = "<group>"; };
		33E8FA03183B95FC007DDAAB /* fr */ = {isa = PBXFileReference; lastKnownFileType = text.plist.strings; name = fr; path = fr.lproj/SVWebViewController.strings; sourceTree = "<group>"; };
		33E8FA04183B95FC007DDAAB /* ja */ = {isa = PBXFileReference; lastKnownFileType = text.plist.strings; name = ja; path = ja.lproj/SVWebViewController.strings; sourceTree = "<group>"; };
		33E8FA05183B95FC007DDAAB /* SVModalWebViewController.h */ = {isa = PBXFileReference; fileEncoding = 4; lastKnownFileType = sourcecode.c.h; path = SVModalWebViewController.h; sourceTree = "<group>"; };
		33E8FA06183B95FC007DDAAB /* SVModalWebViewController.m */ = {isa = PBXFileReference; fileEncoding = 4; lastKnownFileType = sourcecode.c.objc; path = SVModalWebViewController.m; sourceTree = "<group>"; };
		33E8FA07183B95FC007DDAAB /* SVWebViewController.bundle */ = {isa = PBXFileReference; lastKnownFileType = "wrapper.plug-in"; path = SVWebViewController.bundle; sourceTree = "<group>"; };
		33E8FA08183B95FC007DDAAB /* SVWebViewController.h */ = {isa = PBXFileReference; fileEncoding = 4; lastKnownFileType = sourcecode.c.h; path = SVWebViewController.h; sourceTree = "<group>"; };
		33E8FA09183B95FC007DDAAB /* SVWebViewController.m */ = {isa = PBXFileReference; fileEncoding = 4; lastKnownFileType = sourcecode.c.objc; path = SVWebViewController.m; sourceTree = "<group>"; };
		33E8FA0C183B95FC007DDAAB /* SVWebViewControllerActivityChrome-iPad.png */ = {isa = PBXFileReference; lastKnownFileType = image.png; path = "SVWebViewControllerActivityChrome-iPad.png"; sourceTree = "<group>"; };
		33E8FA0D183B95FC007DDAAB /* SVWebViewControllerActivityChrome-iPad@2x.png */ = {isa = PBXFileReference; lastKnownFileType = image.png; path = "SVWebViewControllerActivityChrome-iPad@2x.png"; sourceTree = "<group>"; };
		33E8FA0E183B95FC007DDAAB /* SVWebViewControllerActivityChrome.h */ = {isa = PBXFileReference; fileEncoding = 4; lastKnownFileType = sourcecode.c.h; path = SVWebViewControllerActivityChrome.h; sourceTree = "<group>"; };
		33E8FA0F183B95FC007DDAAB /* SVWebViewControllerActivityChrome.m */ = {isa = PBXFileReference; fileEncoding = 4; lastKnownFileType = sourcecode.c.objc; path = SVWebViewControllerActivityChrome.m; sourceTree = "<group>"; };
		33E8FA10183B95FC007DDAAB /* SVWebViewControllerActivityChrome@2x.png */ = {isa = PBXFileReference; lastKnownFileType = image.png; path = "SVWebViewControllerActivityChrome@2x.png"; sourceTree = "<group>"; };
		33E8FA12183B95FC007DDAAB /* SVWebViewControllerActivitySafari-iPad.png */ = {isa = PBXFileReference; lastKnownFileType = image.png; path = "SVWebViewControllerActivitySafari-iPad.png"; sourceTree = "<group>"; };
		33E8FA13183B95FC007DDAAB /* SVWebViewControllerActivitySafari-iPad@2x.png */ = {isa = PBXFileReference; lastKnownFileType = image.png; path = "SVWebViewControllerActivitySafari-iPad@2x.png"; sourceTree = "<group>"; };
		33E8FA14183B95FC007DDAAB /* SVWebViewControllerActivitySafari.h */ = {isa = PBXFileReference; fileEncoding = 4; lastKnownFileType = sourcecode.c.h; path = SVWebViewControllerActivitySafari.h; sourceTree = "<group>"; };
		33E8FA15183B95FC007DDAAB /* SVWebViewControllerActivitySafari.m */ = {isa = PBXFileReference; fileEncoding = 4; lastKnownFileType = sourcecode.c.objc; path = SVWebViewControllerActivitySafari.m; sourceTree = "<group>"; };
		33E8FA16183B95FC007DDAAB /* SVWebViewControllerActivitySafari@2x.png */ = {isa = PBXFileReference; lastKnownFileType = image.png; path = "SVWebViewControllerActivitySafari@2x.png"; sourceTree = "<group>"; };
		33E8FA17183B95FC007DDAAB /* SVWebViewControllerActivity.h */ = {isa = PBXFileReference; fileEncoding = 4; lastKnownFileType = sourcecode.c.h; path = SVWebViewControllerActivity.h; sourceTree = "<group>"; };
		33E8FA18183B95FC007DDAAB /* SVWebViewControllerActivity.m */ = {isa = PBXFileReference; fileEncoding = 4; lastKnownFileType = sourcecode.c.objc; path = SVWebViewControllerActivity.m; sourceTree = "<group>"; };
		33E8FA19183B95FC007DDAAB /* zh-Hans */ = {isa = PBXFileReference; lastKnownFileType = text.plist.strings; name = "zh-Hans"; path = "zh-Hans.lproj/SVWebViewController.strings"; sourceTree = "<group>"; };
		33E8FA1A183B95FC007DDAAB /* zh-Hant */ = {isa = PBXFileReference; lastKnownFileType = text.plist.strings; name = "zh-Hant"; path = "zh-Hant.lproj/SVWebViewController.strings"; sourceTree = "<group>"; };
		33F6831C180ED21800524C87 /* XMPPPresence+Cryptocat.h */ = {isa = PBXFileReference; fileEncoding = 4; lastKnownFileType = sourcecode.c.h; path = "XMPPPresence+Cryptocat.h"; sourceTree = "<group>"; };
		33F6831D180ED21900524C87 /* XMPPPresence+Cryptocat.m */ = {isa = PBXFileReference; fileEncoding = 4; lastKnownFileType = sourcecode.c.objc; path = "XMPPPresence+Cryptocat.m"; sourceTree = "<group>"; };
		33F6831F180EDDC100524C87 /* TBChatViewController.h */ = {isa = PBXFileReference; fileEncoding = 4; lastKnownFileType = sourcecode.c.h; path = TBChatViewController.h; sourceTree = "<group>"; };
		33F68320180EDDC100524C87 /* TBChatViewController.m */ = {isa = PBXFileReference; fileEncoding = 4; lastKnownFileType = sourcecode.c.objc; path = TBChatViewController.m; sourceTree = "<group>"; };
		755CE0E7481542A09EFFC814 /* Pods.xcconfig */ = {isa = PBXFileReference; includeInIndex = 1; lastKnownFileType = text.xcconfig; name = Pods.xcconfig; path = Pods/Pods.xcconfig; sourceTree = "<group>"; };
		FB88AE4167A9417F92564155 /* libPods.a */ = {isa = PBXFileReference; explicitFileType = archive.ar; includeInIndex = 0; path = libPods.a; sourceTree = BUILT_PRODUCTS_DIR; };
/* End PBXFileReference section */

/* Begin PBXFrameworksBuildPhase section */
		339DD1A517F0399400C3E8E6 /* Frameworks */ = {
			isa = PBXFrameworksBuildPhase;
			buildActionMask = 2147483647;
			files = (
				33D715ED18368A22003FA973 /* libz.dylib in Frameworks */,
				33D715F518368B48003FA973 /* libTestFlight.a in Frameworks */,
				33B936E91835082E003497AC /* MobileCoreServices.framework in Frameworks */,
				339DD1AE17F0399400C3E8E6 /* CoreGraphics.framework in Frameworks */,
				339DD1B017F0399400C3E8E6 /* UIKit.framework in Frameworks */,
				339DD1AC17F0399400C3E8E6 /* Foundation.framework in Frameworks */,
				976AB9436ED44BA3A75E898B /* libPods.a in Frameworks */,
			);
			runOnlyForDeploymentPostprocessing = 0;
		};
		339DD1C917F0399400C3E8E6 /* Frameworks */ = {
			isa = PBXFrameworksBuildPhase;
			buildActionMask = 2147483647;
			files = (
				339DD1CE17F0399400C3E8E6 /* XCTest.framework in Frameworks */,
				339DD1D017F0399400C3E8E6 /* UIKit.framework in Frameworks */,
				339DD1CF17F0399400C3E8E6 /* Foundation.framework in Frameworks */,
			);
			runOnlyForDeploymentPostprocessing = 0;
		};
/* End PBXFrameworksBuildPhase section */

/* Begin PBXGroup section */
		3301304C17F18A2B00287253 /* XEP-0077 */ = {
			isa = PBXGroup;
			children = (
				3301304D17F18A3500287253 /* Source Files */,
			);
			name = "XEP-0077";
			sourceTree = "<group>";
		};
		3301304D17F18A3500287253 /* Source Files */ = {
			isa = PBXGroup;
			children = (
				3301305117F18F0800287253 /* XMPPIQ+XEP_0077.h */,
				3301305217F18F0800287253 /* XMPPIQ+XEP_0077.m */,
				3301304E17F18A5E00287253 /* XMPPInBandRegistration.h */,
				3301304F17F18A5E00287253 /* XMPPInBandRegistration.m */,
			);
			name = "Source Files";
			sourceTree = "<group>";
		};
		330130C317F431B800287253 /* Categories */ = {
			isa = PBXGroup;
			children = (
				330130C417F431CF00287253 /* XMPPMessage+Cryptocat.h */,
				330130C517F431CF00287253 /* XMPPMessage+Cryptocat.m */,
				33F6831C180ED21800524C87 /* XMPPPresence+Cryptocat.h */,
				33F6831D180ED21900524C87 /* XMPPPresence+Cryptocat.m */,
				330130C717F4453000287253 /* NSString+Cryptocat.h */,
				330130C817F4453000287253 /* NSString+Cryptocat.m */,
				33E6C7FD18155870009EC642 /* NSError+Cryptocat.h */,
				33E6C7FE18155870009EC642 /* NSError+Cryptocat.m */,
				334652281828EC8B00280518 /* UIColor+Cryptocat.h */,
				334652291828EC8B00280518 /* UIColor+Cryptocat.m */,
			);
			name = Categories;
			sourceTree = "<group>";
		};
		330131DE17FB181F00287253 /* XMPP */ = {
			isa = PBXGroup;
			children = (
				339DD1E817F0507F00C3E8E6 /* TBXMPPManager.h */,
				339DD1E917F0507F00C3E8E6 /* TBXMPPManager.m */,
				330131DB17FB0D6000287253 /* TBXMPPMessagesHandler.h */,
				330131DC17FB0D6000287253 /* TBXMPPMessagesHandler.m */,
			);
			name = XMPP;
			sourceTree = "<group>";
		};
		339DD19F17F0399400C3E8E6 = {
			isa = PBXGroup;
			children = (
				33D715DE1836808D003FA973 /* Settings.bundle */,
				339DD1B117F0399400C3E8E6 /* Cryptocat */,
				339DD1D317F0399400C3E8E6 /* CryptocatTests */,
				339DD1AA17F0399400C3E8E6 /* Frameworks */,
				339DD1A917F0399400C3E8E6 /* Products */,
				755CE0E7481542A09EFFC814 /* Pods.xcconfig */,
			);
			sourceTree = "<group>";
		};
		339DD1A917F0399400C3E8E6 /* Products */ = {
			isa = PBXGroup;
			children = (
				339DD1A817F0399400C3E8E6 /* Cryptocat.app */,
				339DD1CC17F0399400C3E8E6 /* CryptocatTests.xctest */,
			);
			name = Products;
			sourceTree = "<group>";
		};
		339DD1AA17F0399400C3E8E6 /* Frameworks */ = {
			isa = PBXGroup;
			children = (
				33D715EC18368A22003FA973 /* libz.dylib */,
				33B936E81835082E003497AC /* MobileCoreServices.framework */,
				339DD1AB17F0399400C3E8E6 /* Foundation.framework */,
				339DD1AD17F0399400C3E8E6 /* CoreGraphics.framework */,
				339DD1AF17F0399400C3E8E6 /* UIKit.framework */,
				339DD1CD17F0399400C3E8E6 /* XCTest.framework */,
				FB88AE4167A9417F92564155 /* libPods.a */,
			);
			name = Frameworks;
			sourceTree = "<group>";
		};
		339DD1B117F0399400C3E8E6 /* Cryptocat */ = {
			isa = PBXGroup;
			children = (
				33E8F9FC183B95F0007DDAAB /* Vendor */,
				330130C317F431B800287253 /* Categories */,
				3301304C17F18A2B00287253 /* XEP-0077 */,
				330131DE17FB181F00287253 /* XMPP */,
				339DD1E517F039F400C3E8E6 /* Models */,
				339DD1E417F039EC00C3E8E6 /* Views */,
				339DD1E317F039DD00C3E8E6 /* Controllers */,
				339DD1BA17F0399400C3E8E6 /* TBAppDelegate.h */,
				339DD1BB17F0399400C3E8E6 /* TBAppDelegate.m */,
				3317DCD8181FD39E008353E5 /* TBConstants.h */,
				3317DCD9181FD39E008353E5 /* TBConstants.m */,
				339DD1BD17F0399400C3E8E6 /* Main.storyboard */,
				33B936E018327EF4003497AC /* Monda-Regular.ttf */,
				339DD1C617F0399400C3E8E6 /* Images.xcassets */,
				339DD1B217F0399400C3E8E6 /* Supporting Files */,
			);
			path = Cryptocat;
			sourceTree = "<group>";
		};
		339DD1B217F0399400C3E8E6 /* Supporting Files */ = {
			isa = PBXGroup;
			children = (
				33D715E0183682BF003FA973 /* set_versions_into_built_product_plist.rb */,
				339DD1E617F03ADC00C3E8E6 /* TBMacros.h */,
				339DD1B317F0399400C3E8E6 /* Cryptocat-Info.plist */,
				339DD1B417F0399400C3E8E6 /* InfoPlist.strings */,
				339DD1B717F0399400C3E8E6 /* main.m */,
				339DD1B917F0399400C3E8E6 /* Cryptocat-Prefix.pch */,
			);
			name = "Supporting Files";
			sourceTree = "<group>";
		};
		339DD1D317F0399400C3E8E6 /* CryptocatTests */ = {
			isa = PBXGroup;
			children = (
				339DD1D917F0399400C3E8E6 /* CryptocatTests.m */,
				339DD1D417F0399400C3E8E6 /* Supporting Files */,
			);
			path = CryptocatTests;
			sourceTree = "<group>";
		};
		339DD1D417F0399400C3E8E6 /* Supporting Files */ = {
			isa = PBXGroup;
			children = (
				339DD1D517F0399400C3E8E6 /* CryptocatTests-Info.plist */,
				339DD1D617F0399400C3E8E6 /* InfoPlist.strings */,
			);
			name = "Supporting Files";
			sourceTree = "<group>";
		};
		339DD1E317F039DD00C3E8E6 /* Controllers */ = {
			isa = PBXGroup;
			children = (
				33E6C7FA181512FD009EC642 /* TBLoginViewController.h */,
				33E6C7FB181512FD009EC642 /* TBLoginViewController.m */,
				33F6831F180EDDC100524C87 /* TBChatViewController.h */,
				33F68320180EDDC100524C87 /* TBChatViewController.m */,
				33C3651218102413003EAF93 /* TBBuddiesViewController.h */,
				33C3651318102413003EAF93 /* TBBuddiesViewController.m */,
				3379BA22181EBAE0002A316F /* TBBuddyViewController.h */,
				3379BA23181EBAE0002A316F /* TBBuddyViewController.m */,
				332CA4CB1819108C00233E92 /* TBMeViewController.h */,
				332CA4CC1819108C00233E92 /* TBMeViewController.m */,
			);
			name = Controllers;
			sourceTree = "<group>";
		};
		339DD1E417F039EC00C3E8E6 /* Views */ = {
			isa = PBXGroup;
			children = (
				33B936D318327EB6003497AC /* Chat Cells */,
				33B936E51833E7D7003497AC /* TBFingerprintCell.h */,
				33B936E61833E7D7003497AC /* TBFingerprintCell.m */,
				3346522B1829044600280518 /* TBButtonCell.h */,
				3346522C1829044600280518 /* TBButtonCell.m */,
				33B936DD18327EDC003497AC /* TBChatToolbarView.h */,
				33B936DE18327EDC003497AC /* TBChatToolbarView.m */,
			);
			name = Views;
			sourceTree = "<group>";
		};
		339DD1E517F039F400C3E8E6 /* Models */ = {
			isa = PBXGroup;
			children = (
				332CA4CE181955B500233E92 /* TBBuddy.h */,
				332CA4CF181955B500233E92 /* TBBuddy.m */,
				33B936E2183289A0003497AC /* TBMessage.h */,
				33B936E3183289A0003497AC /* TBMessage.m */,
				33B936EA18362455003497AC /* TBChateStateNotification.h */,
				33B936EB18362455003497AC /* TBChateStateNotification.m */,
			);
			name = Models;
			sourceTree = "<group>";
		};
		33B936D318327EB6003497AC /* Chat Cells */ = {
			isa = PBXGroup;
			children = (
				33E8F9F5183B6E4A007DDAAB /* Cell Views */,
				33B936D418327EC4003497AC /* TBMessageCell.h */,
				33B936D518327EC4003497AC /* TBMessageCell.m */,
				33E8F9F9183B7095007DDAAB /* TBComposingCell.h */,
				33E8F9FA183B7095007DDAAB /* TBComposingCell.m */,
			);
			name = "Chat Cells";
			sourceTree = "<group>";
		};
		33D715EE18368B48003FA973 /* TestFlightSDK2.1.1 */ = {
			isa = PBXGroup;
			children = (
				33D715EF18368B48003FA973 /* libTestFlight.a */,
				33D715F018368B48003FA973 /* README.md */,
				33D715F118368B48003FA973 /* release_notes.md */,
				33D715F218368B48003FA973 /* TestFlight+AsyncLogging.h */,
				33D715F318368B48003FA973 /* TestFlight+ManualSessions.h */,
				33D715F418368B48003FA973 /* TestFlight.h */,
			);
			path = TestFlightSDK2.1.1;
			sourceTree = "<group>";
		};
		33E8F9F5183B6E4A007DDAAB /* Cell Views */ = {
			isa = PBXGroup;
			children = (
				33E8F9EF183B622A007DDAAB /* TBBubbleCellView.h */,
				33E8F9F0183B622A007DDAAB /* TBBubbleCellView.m */,
				33E8F9F2183B695E007DDAAB /* TBComposingCellView.h */,
				33E8F9F3183B695E007DDAAB /* TBComposingCellView.m */,
				33B936D618327EC4003497AC /* TBMessageCellView.h */,
				33B936D718327EC4003497AC /* TBMessageCellView.m */,
				33B936D818327EC4003497AC /* TBBubbleView.h */,
				33B936D918327EC4003497AC /* TBBubbleView.m */,
			);
			name = "Cell Views";
			sourceTree = "<group>";
		};
		33E8F9FC183B95F0007DDAAB /* Vendor */ = {
			isa = PBXGroup;
			children = (
				33E8F9FD183B95FC007DDAAB /* SVWebViewController */,
				33D715EE18368B48003FA973 /* TestFlightSDK2.1.1 */,
			);
			name = Vendor;
			sourceTree = "<group>";
		};
		33E8F9FD183B95FC007DDAAB /* SVWebViewController */ = {
			isa = PBXGroup;
			children = (
				33E8F9FE183B95FC007DDAAB /* SVWebViewController.strings */,
				33E8FA05183B95FC007DDAAB /* SVModalWebViewController.h */,
				33E8FA06183B95FC007DDAAB /* SVModalWebViewController.m */,
				33E8FA07183B95FC007DDAAB /* SVWebViewController.bundle */,
				33E8FA08183B95FC007DDAAB /* SVWebViewController.h */,
				33E8FA09183B95FC007DDAAB /* SVWebViewController.m */,
				33E8FA0A183B95FC007DDAAB /* UIActivities */,
			);
			path = SVWebViewController;
			sourceTree = "<group>";
		};
		33E8FA0A183B95FC007DDAAB /* UIActivities */ = {
			isa = PBXGroup;
			children = (
				33E8FA0B183B95FC007DDAAB /* Chrome */,
				33E8FA11183B95FC007DDAAB /* Safari */,
				33E8FA17183B95FC007DDAAB /* SVWebViewControllerActivity.h */,
				33E8FA18183B95FC007DDAAB /* SVWebViewControllerActivity.m */,
			);
			path = UIActivities;
			sourceTree = "<group>";
		};
		33E8FA0B183B95FC007DDAAB /* Chrome */ = {
			isa = PBXGroup;
			children = (
				33E8FA0C183B95FC007DDAAB /* SVWebViewControllerActivityChrome-iPad.png */,
				33E8FA0D183B95FC007DDAAB /* SVWebViewControllerActivityChrome-iPad@2x.png */,
				33E8FA0E183B95FC007DDAAB /* SVWebViewControllerActivityChrome.h */,
				33E8FA0F183B95FC007DDAAB /* SVWebViewControllerActivityChrome.m */,
				33E8FA10183B95FC007DDAAB /* SVWebViewControllerActivityChrome@2x.png */,
			);
			path = Chrome;
			sourceTree = "<group>";
		};
		33E8FA11183B95FC007DDAAB /* Safari */ = {
			isa = PBXGroup;
			children = (
				33E8FA12183B95FC007DDAAB /* SVWebViewControllerActivitySafari-iPad.png */,
				33E8FA13183B95FC007DDAAB /* SVWebViewControllerActivitySafari-iPad@2x.png */,
				33E8FA14183B95FC007DDAAB /* SVWebViewControllerActivitySafari.h */,
				33E8FA15183B95FC007DDAAB /* SVWebViewControllerActivitySafari.m */,
				33E8FA16183B95FC007DDAAB /* SVWebViewControllerActivitySafari@2x.png */,
			);
			path = Safari;
			sourceTree = "<group>";
		};
/* End PBXGroup section */

/* Begin PBXNativeTarget section */
		339DD1A717F0399400C3E8E6 /* Cryptocat */ = {
			isa = PBXNativeTarget;
			buildConfigurationList = 339DD1DD17F0399400C3E8E6 /* Build configuration list for PBXNativeTarget "Cryptocat" */;
			buildPhases = (
				8E3EECEEA7FA4F0283C1254F /* Check Pods Manifest.lock */,
				339DD1A417F0399400C3E8E6 /* Sources */,
				339DD1A517F0399400C3E8E6 /* Frameworks */,
				339DD1A617F0399400C3E8E6 /* Resources */,
				340B4E4007974583B548E357 /* Copy Pods Resources */,
				33D715E1183683EA003FA973 /* ShellScript */,
			);
			buildRules = (
			);
			dependencies = (
			);
			name = Cryptocat;
			productName = Cryptocat;
			productReference = 339DD1A817F0399400C3E8E6 /* Cryptocat.app */;
			productType = "com.apple.product-type.application";
		};
		339DD1CB17F0399400C3E8E6 /* CryptocatTests */ = {
			isa = PBXNativeTarget;
			buildConfigurationList = 339DD1E017F0399400C3E8E6 /* Build configuration list for PBXNativeTarget "CryptocatTests" */;
			buildPhases = (
				339DD1C817F0399400C3E8E6 /* Sources */,
				339DD1C917F0399400C3E8E6 /* Frameworks */,
				339DD1CA17F0399400C3E8E6 /* Resources */,
			);
			buildRules = (
			);
			dependencies = (
				339DD1D217F0399400C3E8E6 /* PBXTargetDependency */,
			);
			name = CryptocatTests;
			productName = CryptocatTests;
			productReference = 339DD1CC17F0399400C3E8E6 /* CryptocatTests.xctest */;
			productType = "com.apple.product-type.bundle.unit-test";
		};
/* End PBXNativeTarget section */

/* Begin PBXProject section */
		339DD1A017F0399400C3E8E6 /* Project object */ = {
			isa = PBXProject;
			attributes = {
				CLASSPREFIX = TB;
				LastUpgradeCheck = 0500;
				ORGANIZATIONNAME = "Thomas Balthazar";
				TargetAttributes = {
					339DD1A717F0399400C3E8E6 = {
						DevelopmentTeam = 8MS7FJ2Z9D;
					};
					339DD1CB17F0399400C3E8E6 = {
						TestTargetID = 339DD1A717F0399400C3E8E6;
					};
				};
			};
			buildConfigurationList = 339DD1A317F0399400C3E8E6 /* Build configuration list for PBXProject "Cryptocat" */;
			compatibilityVersion = "Xcode 3.2";
			developmentRegion = English;
			hasScannedForEncodings = 0;
			knownRegions = (
				en,
				Base,
				da,
				"es-ES",
				es,
				fr,
				ja,
				"zh-Hans",
				"zh-Hant",
			);
			mainGroup = 339DD19F17F0399400C3E8E6;
			productRefGroup = 339DD1A917F0399400C3E8E6 /* Products */;
			projectDirPath = "";
			projectRoot = "";
			targets = (
				339DD1A717F0399400C3E8E6 /* Cryptocat */,
				339DD1CB17F0399400C3E8E6 /* CryptocatTests */,
			);
		};
/* End PBXProject section */

/* Begin PBXResourcesBuildPhase section */
		339DD1A617F0399400C3E8E6 /* Resources */ = {
			isa = PBXResourcesBuildPhase;
			buildActionMask = 2147483647;
			files = (
				339DD1C717F0399400C3E8E6 /* Images.xcassets in Resources */,
				33E8FA23183B95FC007DDAAB /* SVWebViewControllerActivitySafari-iPad.png in Resources */,
				33E8FA24183B95FC007DDAAB /* SVWebViewControllerActivitySafari-iPad@2x.png in Resources */,
				33E8FA20183B95FC007DDAAB /* SVWebViewControllerActivityChrome-iPad@2x.png in Resources */,
				33E8FA1F183B95FC007DDAAB /* SVWebViewControllerActivityChrome-iPad.png in Resources */,
				339DD1B617F0399400C3E8E6 /* InfoPlist.strings in Resources */,
				33E8FA1D183B95FC007DDAAB /* SVWebViewController.bundle in Resources */,
				33D715DF1836808D003FA973 /* Settings.bundle in Resources */,
				339DD1BF17F0399400C3E8E6 /* Main.storyboard in Resources */,
				33E8FA26183B95FC007DDAAB /* SVWebViewControllerActivitySafari@2x.png in Resources */,
				33B936E118327EF4003497AC /* Monda-Regular.ttf in Resources */,
				33E8FA22183B95FC007DDAAB /* SVWebViewControllerActivityChrome@2x.png in Resources */,
				33E8FA1B183B95FC007DDAAB /* SVWebViewController.strings in Resources */,
			);
			runOnlyForDeploymentPostprocessing = 0;
		};
		339DD1CA17F0399400C3E8E6 /* Resources */ = {
			isa = PBXResourcesBuildPhase;
			buildActionMask = 2147483647;
			files = (
				339DD1D817F0399400C3E8E6 /* InfoPlist.strings in Resources */,
			);
			runOnlyForDeploymentPostprocessing = 0;
		};
/* End PBXResourcesBuildPhase section */

/* Begin PBXShellScriptBuildPhase section */
		33D715E1183683EA003FA973 /* ShellScript */ = {
			isa = PBXShellScriptBuildPhase;
			buildActionMask = 2147483647;
			files = (
			);
			inputPaths = (
			);
			outputPaths = (
			);
			runOnlyForDeploymentPostprocessing = 0;
			shellPath = /usr/bin/ruby;
			shellScript = "# --------------------------------------------------------------------------------------------------\n# --- config\n\n# -- binary paths\nPLIST_BUDDY_BIN_PATH = \"/usr/libexec/PlistBuddy\"\nGIT_BIN_PATH = \"/usr/local/git/bin/git\"\n\n# --------------------------------------------------------------------------------------------------\n# --- helper methods\n\n# -- helper methods to write/read into a plist\ndef write_into_plist_with_key_value(plist_path, key, value)\n`#{PLIST_BUDDY_BIN_PATH} -c \"Add :#{key} string\" #{plist_path}`\n`#{PLIST_BUDDY_BIN_PATH} -c \"Set :#{key} #{value}\" #{plist_path}`\nend\n\ndef read_key_from_plist_path(plist_path, key)\nreturn `#{PLIST_BUDDY_BIN_PATH} -c \"Print :#{key}\" #{plist_path}`.chomp\nend\n\ndef escape_filepath(path)\nreturn path.gsub(\" \", \"\\\\ \").gsub(\"(\", \"\\\\(\").gsub(\")\", \"\\\\)\")\nend\n\n# --------------------------------------------------------------------------------------------------\n# --- actual script\n\n# -- build the git commands\ngit_sha_cmd = \"#{GIT_BIN_PATH} rev-parse --short HEAD\"\ngit_tag_cmd = \"#{GIT_BIN_PATH} describe --tags --abbrev=0\"\n\n# -- get the sha of the current commit and the latest git tag\nlatest_sha             = `#{git_sha_cmd}`.chomp\nlatest_tag             = `#{git_tag_cmd}`.chomp\nlatest_tag_clean       =  latest_tag.gsub(/\\.|a/, \"\").chomp\n\n# -- get built product paths\napp_name = \"#{ENV['FULL_PRODUCT_NAME']}\"\ndsym_name = \"#{ENV['DWARF_DSYM_FILE_NAME']}\"\nplist_path = escape_filepath(\"#{ENV['BUILT_PRODUCTS_DIR']}/#{ENV['INFOPLIST_PATH']}\")\nsettings_plist_path = escape_filepath(\"#{ENV['BUILT_PRODUCTS_DIR']}/#{app_name}/Settings.bundle/Root.plist\")\ndsym_plist_path = escape_filepath(\"#{ENV['BUILT_PRODUCTS_DIR']}/#{dsym_name}/Contents/Info.plist\")\nputs \"App plist path : #{plist_path}\"\nputs \"Settings plist path : #{settings_plist_path}\"\nputs \"Dsym plist path : #{dsym_plist_path}\"\n\n# -- write the new versions in app plist\nwrite_into_plist_with_key_value(plist_path, \"CFBundleVersion\", latest_tag_clean)\nwrite_into_plist_with_key_value(plist_path, \"CFBundleShortVersionString\", latest_tag)\nwrite_into_plist_with_key_value(plist_path, \"TBBundleGitCommitSHA\", latest_sha)\n\n# -- write the new versions in the Settings.bundle plist\n# -- App is at index 1 (2nd element in the plist)\nwrite_into_plist_with_key_value(settings_plist_path, \"PreferenceSpecifiers:1:DefaultValue\", \"#{latest_tag} (#{latest_sha})\")\n\n# -- write versions in dsym plist\nwrite_into_plist_with_key_value(dsym_plist_path, \"CFBundleVersion\", latest_tag_clean)\nwrite_into_plist_with_key_value(dsym_plist_path, \"CFBundleShortVersionString\", latest_tag)\n\n# -- logging\nputs \"Bumped to #{latest_tag} (#{latest_tag_clean} | #{latest_sha}) into #{plist_path}\"\nputs \"--\"\nputs \"Plist now reads :\"\nputs \" - CFBundleShortVersionString : #{read_key_from_plist_path(plist_path, 'CFBundleShortVersionString')}\"\nputs \" - CFBundleVersion : #{read_key_from_plist_path(plist_path, 'CFBundleVersion')}\"\nputs \" - TBBundleGitCommitSHA : #{read_key_from_plist_path(plist_path, 'TBBundleGitCommitSHA')}\"\n";
		};
		340B4E4007974583B548E357 /* Copy Pods Resources */ = {
			isa = PBXShellScriptBuildPhase;
			buildActionMask = 2147483647;
			files = (
			);
			inputPaths = (
			);
			name = "Copy Pods Resources";
			outputPaths = (
			);
			runOnlyForDeploymentPostprocessing = 0;
			shellPath = /bin/sh;
			shellScript = "\"${SRCROOT}/Pods/Pods-resources.sh\"\n";
			showEnvVarsInLog = 0;
		};
		8E3EECEEA7FA4F0283C1254F /* Check Pods Manifest.lock */ = {
			isa = PBXShellScriptBuildPhase;
			buildActionMask = 2147483647;
			files = (
			);
			inputPaths = (
			);
			name = "Check Pods Manifest.lock";
			outputPaths = (
			);
			runOnlyForDeploymentPostprocessing = 0;
			shellPath = /bin/sh;
			shellScript = "diff \"${PODS_ROOT}/../Podfile.lock\" \"${PODS_ROOT}/Manifest.lock\" > /dev/null\nif [[ $? != 0 ]] ; then\n    cat << EOM\nerror: The sandbox is not in sync with the Podfile.lock. Run 'pod install' or update your CocoaPods installation.\nEOM\n    exit 1\nfi\n";
			showEnvVarsInLog = 0;
		};
/* End PBXShellScriptBuildPhase section */

/* Begin PBXSourcesBuildPhase section */
		339DD1A417F0399400C3E8E6 /* Sources */ = {
			isa = PBXSourcesBuildPhase;
			buildActionMask = 2147483647;
			files = (
				3317DCDA181FD39E008353E5 /* TBConstants.m in Sources */,
				33E8FA1E183B95FC007DDAAB /* SVWebViewController.m in Sources */,
				33B936E4183289A0003497AC /* TBMessage.m in Sources */,
				33E8F9FB183B7095007DDAAB /* TBComposingCell.m in Sources */,
				33B936DA18327EC4003497AC /* TBMessageCell.m in Sources */,
				330130C617F431CF00287253 /* XMPPMessage+Cryptocat.m in Sources */,
				33E8F9F4183B695E007DDAAB /* TBComposingCellView.m in Sources */,
				33E8FA21183B95FC007DDAAB /* SVWebViewControllerActivityChrome.m in Sources */,
				3346522D1829044600280518 /* TBButtonCell.m in Sources */,
				330131DD17FB0D6000287253 /* TBXMPPMessagesHandler.m in Sources */,
				339DD1BC17F0399400C3E8E6 /* TBAppDelegate.m in Sources */,
				33E8FA25183B95FC007DDAAB /* SVWebViewControllerActivitySafari.m in Sources */,
				339DD1EA17F0507F00C3E8E6 /* TBXMPPManager.m in Sources */,
				33E8FA27183B95FC007DDAAB /* SVWebViewControllerActivity.m in Sources */,
				3301305317F18F0800287253 /* XMPPIQ+XEP_0077.m in Sources */,
				3379BA24181EBAE0002A316F /* TBBuddyViewController.m in Sources */,
				33C3651418102413003EAF93 /* TBBuddiesViewController.m in Sources */,
				33B936DF18327EDC003497AC /* TBChatToolbarView.m in Sources */,
				33B936EC18362455003497AC /* TBChateStateNotification.m in Sources */,
				33B936DB18327EC4003497AC /* TBMessageCellView.m in Sources */,
				33B936E71833E7D7003497AC /* TBFingerprintCell.m in Sources */,
				33F6831E180ED21900524C87 /* XMPPPresence+Cryptocat.m in Sources */,
				332CA4D0181955B500233E92 /* TBBuddy.m in Sources */,
				3301305017F18A5E00287253 /* XMPPInBandRegistration.m in Sources */,
				3346522A1828EC8B00280518 /* UIColor+Cryptocat.m in Sources */,
				33E6C7FC181512FD009EC642 /* TBLoginViewController.m in Sources */,
				339DD1B817F0399400C3E8E6 /* main.m in Sources */,
				33F68321180EDDC100524C87 /* TBChatViewController.m in Sources */,
				33E8F9F1183B622A007DDAAB /* TBBubbleCellView.m in Sources */,
				330130C917F4453000287253 /* NSString+Cryptocat.m in Sources */,
				332CA4CD1819108C00233E92 /* TBMeViewController.m in Sources */,
				33B936DC18327EC4003497AC /* TBBubbleView.m in Sources */,
				33E8FA1C183B95FC007DDAAB /* SVModalWebViewController.m in Sources */,
				33E6C7FF18155870009EC642 /* NSError+Cryptocat.m in Sources */,
			);
			runOnlyForDeploymentPostprocessing = 0;
		};
		339DD1C817F0399400C3E8E6 /* Sources */ = {
			isa = PBXSourcesBuildPhase;
			buildActionMask = 2147483647;
			files = (
				339DD1DA17F0399400C3E8E6 /* CryptocatTests.m in Sources */,
			);
			runOnlyForDeploymentPostprocessing = 0;
		};
/* End PBXSourcesBuildPhase section */

/* Begin PBXTargetDependency section */
		339DD1D217F0399400C3E8E6 /* PBXTargetDependency */ = {
			isa = PBXTargetDependency;
			target = 339DD1A717F0399400C3E8E6 /* Cryptocat */;
			targetProxy = 339DD1D117F0399400C3E8E6 /* PBXContainerItemProxy */;
		};
/* End PBXTargetDependency section */

/* Begin PBXVariantGroup section */
		339DD1B417F0399400C3E8E6 /* InfoPlist.strings */ = {
			isa = PBXVariantGroup;
			children = (
				339DD1B517F0399400C3E8E6 /* en */,
			);
			name = InfoPlist.strings;
			sourceTree = "<group>";
		};
		339DD1BD17F0399400C3E8E6 /* Main.storyboard */ = {
			isa = PBXVariantGroup;
			children = (
				339DD1BE17F0399400C3E8E6 /* Base */,
			);
			name = Main.storyboard;
			sourceTree = "<group>";
		};
		339DD1D617F0399400C3E8E6 /* InfoPlist.strings */ = {
			isa = PBXVariantGroup;
			children = (
				339DD1D717F0399400C3E8E6 /* en */,
			);
			name = InfoPlist.strings;
			sourceTree = "<group>";
		};
		33E8F9FE183B95FC007DDAAB /* SVWebViewController.strings */ = {
			isa = PBXVariantGroup;
			children = (
				33E8F9FF183B95FC007DDAAB /* da */,
				33E8FA00183B95FC007DDAAB /* en */,
				33E8FA01183B95FC007DDAAB /* es-ES */,
				33E8FA02183B95FC007DDAAB /* es */,
				33E8FA03183B95FC007DDAAB /* fr */,
				33E8FA04183B95FC007DDAAB /* ja */,
				33E8FA19183B95FC007DDAAB /* zh-Hans */,
				33E8FA1A183B95FC007DDAAB /* zh-Hant */,
			);
			name = SVWebViewController.strings;
			sourceTree = "<group>";
		};
/* End PBXVariantGroup section */

/* Begin XCBuildConfiguration section */
		339DD1DB17F0399400C3E8E6 /* Debug */ = {
			isa = XCBuildConfiguration;
			buildSettings = {
				ALWAYS_SEARCH_USER_PATHS = NO;
				ARCHS = "$(ARCHS_STANDARD_INCLUDING_64_BIT)";
				CLANG_CXX_LANGUAGE_STANDARD = "gnu++0x";
				CLANG_CXX_LIBRARY = "libc++";
				CLANG_ENABLE_MODULES = YES;
				CLANG_ENABLE_OBJC_ARC = YES;
				CLANG_WARN_BOOL_CONVERSION = YES;
				CLANG_WARN_CONSTANT_CONVERSION = YES;
				CLANG_WARN_DIRECT_OBJC_ISA_USAGE = YES_ERROR;
				CLANG_WARN_EMPTY_BODY = YES;
				CLANG_WARN_ENUM_CONVERSION = YES;
				CLANG_WARN_INT_CONVERSION = YES;
				CLANG_WARN_OBJC_ROOT_CLASS = YES_ERROR;
				CLANG_WARN__DUPLICATE_METHOD_MATCH = YES;
				"CODE_SIGN_IDENTITY[sdk=iphoneos*]" = "iPhone Developer";
				COPY_PHASE_STRIP = NO;
				GCC_C_LANGUAGE_STANDARD = gnu99;
				GCC_DYNAMIC_NO_PIC = NO;
				GCC_OPTIMIZATION_LEVEL = 0;
				GCC_PREPROCESSOR_DEFINITIONS = (
					"DEBUG=1",
					"$(inherited)",
				);
				GCC_SYMBOLS_PRIVATE_EXTERN = NO;
				GCC_WARN_64_TO_32_BIT_CONVERSION = YES;
				GCC_WARN_ABOUT_RETURN_TYPE = YES_ERROR;
				GCC_WARN_UNDECLARED_SELECTOR = YES;
				GCC_WARN_UNINITIALIZED_AUTOS = YES;
				GCC_WARN_UNUSED_FUNCTION = YES;
				GCC_WARN_UNUSED_VARIABLE = YES;
				IPHONEOS_DEPLOYMENT_TARGET = 7.0;
				LIBRARY_SEARCH_PATHS = "";
				ONLY_ACTIVE_ARCH = YES;
				SDKROOT = iphoneos;
			};
			name = Debug;
		};
		339DD1DC17F0399400C3E8E6 /* Release */ = {
			isa = XCBuildConfiguration;
			buildSettings = {
				ALWAYS_SEARCH_USER_PATHS = NO;
				ARCHS = "$(ARCHS_STANDARD_INCLUDING_64_BIT)";
				CLANG_CXX_LANGUAGE_STANDARD = "gnu++0x";
				CLANG_CXX_LIBRARY = "libc++";
				CLANG_ENABLE_MODULES = YES;
				CLANG_ENABLE_OBJC_ARC = YES;
				CLANG_WARN_BOOL_CONVERSION = YES;
				CLANG_WARN_CONSTANT_CONVERSION = YES;
				CLANG_WARN_DIRECT_OBJC_ISA_USAGE = YES_ERROR;
				CLANG_WARN_EMPTY_BODY = YES;
				CLANG_WARN_ENUM_CONVERSION = YES;
				CLANG_WARN_INT_CONVERSION = YES;
				CLANG_WARN_OBJC_ROOT_CLASS = YES_ERROR;
				CLANG_WARN__DUPLICATE_METHOD_MATCH = YES;
				"CODE_SIGN_IDENTITY[sdk=iphoneos*]" = "iPhone Developer";
				COPY_PHASE_STRIP = YES;
				ENABLE_NS_ASSERTIONS = NO;
				GCC_C_LANGUAGE_STANDARD = gnu99;
				GCC_WARN_64_TO_32_BIT_CONVERSION = YES;
				GCC_WARN_ABOUT_RETURN_TYPE = YES_ERROR;
				GCC_WARN_UNDECLARED_SELECTOR = YES;
				GCC_WARN_UNINITIALIZED_AUTOS = YES;
				GCC_WARN_UNUSED_FUNCTION = YES;
				GCC_WARN_UNUSED_VARIABLE = YES;
				IPHONEOS_DEPLOYMENT_TARGET = 7.0;
				LIBRARY_SEARCH_PATHS = "";
				ONLY_ACTIVE_ARCH = YES;
				SDKROOT = iphoneos;
				VALIDATE_PRODUCT = YES;
			};
			name = Release;
		};
		339DD1DE17F0399400C3E8E6 /* Debug */ = {
			isa = XCBuildConfiguration;
			baseConfigurationReference = 755CE0E7481542A09EFFC814 /* Pods.xcconfig */;
			buildSettings = {
				ASSETCATALOG_COMPILER_APPICON_NAME = AppIcon;
				ASSETCATALOG_COMPILER_LAUNCHIMAGE_NAME = LaunchImage;
				CODE_SIGN_IDENTITY = "iPhone Developer";
				GCC_PRECOMPILE_PREFIX_HEADER = YES;
				GCC_PREFIX_HEADER = "Cryptocat/Cryptocat-Prefix.pch";
				INFOPLIST_FILE = "Cryptocat/Cryptocat-Info.plist";
				LIBRARY_SEARCH_PATHS = (
					"$(inherited)",
					/Users/tba/Documents/dev/code/Cryptocat/Cryptocat/Cryptocat,
					/Users/tba/Documents/dev/code/Cryptocat/Cryptocat/Cryptocat/TestFlightSDK2.0.2,
					/Users/tba/Documents/dev/code/Cryptocat/Cryptocat/Cryptocat/TestFlightSDK2.1.1,
				);
				PRODUCT_NAME = "$(TARGET_NAME)";
				WRAPPER_EXTENSION = app;
			};
			name = Debug;
		};
		339DD1DF17F0399400C3E8E6 /* Release */ = {
			isa = XCBuildConfiguration;
			baseConfigurationReference = 755CE0E7481542A09EFFC814 /* Pods.xcconfig */;
			buildSettings = {
				ASSETCATALOG_COMPILER_APPICON_NAME = AppIcon;
				ASSETCATALOG_COMPILER_LAUNCHIMAGE_NAME = LaunchImage;
				CODE_SIGN_IDENTITY = "iPhone Developer";
				GCC_PRECOMPILE_PREFIX_HEADER = YES;
				GCC_PREFIX_HEADER = "Cryptocat/Cryptocat-Prefix.pch";
				INFOPLIST_FILE = "Cryptocat/Cryptocat-Info.plist";
				LIBRARY_SEARCH_PATHS = (
					"$(inherited)",
					/Users/tba/Documents/dev/code/Cryptocat/Cryptocat/Cryptocat,
					/Users/tba/Documents/dev/code/Cryptocat/Cryptocat/Cryptocat/TestFlightSDK2.0.2,
					/Users/tba/Documents/dev/code/Cryptocat/Cryptocat/Cryptocat/TestFlightSDK2.1.1,
				);
				PRODUCT_NAME = "$(TARGET_NAME)";
				WRAPPER_EXTENSION = app;
			};
			name = Release;
		};
		339DD1E117F0399400C3E8E6 /* Debug */ = {
			isa = XCBuildConfiguration;
			buildSettings = {
				ARCHS = "$(ARCHS_STANDARD_INCLUDING_64_BIT)";
				BUNDLE_LOADER = "$(BUILT_PRODUCTS_DIR)/Cryptocat.app/Cryptocat";
				FRAMEWORK_SEARCH_PATHS = (
					"$(SDKROOT)/Developer/Library/Frameworks",
					"$(inherited)",
					"$(DEVELOPER_FRAMEWORKS_DIR)",
				);
				GCC_PRECOMPILE_PREFIX_HEADER = YES;
				GCC_PREFIX_HEADER = "Cryptocat/Cryptocat-Prefix.pch";
				GCC_PREPROCESSOR_DEFINITIONS = (
					"DEBUG=1",
					"$(inherited)",
				);
				INFOPLIST_FILE = "CryptocatTests/CryptocatTests-Info.plist";
				PRODUCT_NAME = "$(TARGET_NAME)";
				TEST_HOST = "$(BUNDLE_LOADER)";
				WRAPPER_EXTENSION = xctest;
			};
			name = Debug;
		};
		339DD1E217F0399400C3E8E6 /* Release */ = {
			isa = XCBuildConfiguration;
			buildSettings = {
				ARCHS = "$(ARCHS_STANDARD_INCLUDING_64_BIT)";
				BUNDLE_LOADER = "$(BUILT_PRODUCTS_DIR)/Cryptocat.app/Cryptocat";
				FRAMEWORK_SEARCH_PATHS = (
					"$(SDKROOT)/Developer/Library/Frameworks",
					"$(inherited)",
					"$(DEVELOPER_FRAMEWORKS_DIR)",
				);
				GCC_PRECOMPILE_PREFIX_HEADER = YES;
				GCC_PREFIX_HEADER = "Cryptocat/Cryptocat-Prefix.pch";
				INFOPLIST_FILE = "CryptocatTests/CryptocatTests-Info.plist";
				PRODUCT_NAME = "$(TARGET_NAME)";
				TEST_HOST = "$(BUNDLE_LOADER)";
				WRAPPER_EXTENSION = xctest;
			};
			name = Release;
		};
/* End XCBuildConfiguration section */

/* Begin XCConfigurationList section */
		339DD1A317F0399400C3E8E6 /* Build configuration list for PBXProject "Cryptocat" */ = {
			isa = XCConfigurationList;
			buildConfigurations = (
				339DD1DB17F0399400C3E8E6 /* Debug */,
				339DD1DC17F0399400C3E8E6 /* Release */,
			);
			defaultConfigurationIsVisible = 0;
			defaultConfigurationName = Release;
		};
		339DD1DD17F0399400C3E8E6 /* Build configuration list for PBXNativeTarget "Cryptocat" */ = {
			isa = XCConfigurationList;
			buildConfigurations = (
				339DD1DE17F0399400C3E8E6 /* Debug */,
				339DD1DF17F0399400C3E8E6 /* Release */,
			);
			defaultConfigurationIsVisible = 0;
			defaultConfigurationName = Release;
		};
		339DD1E017F0399400C3E8E6 /* Build configuration list for PBXNativeTarget "CryptocatTests" */ = {
			isa = XCConfigurationList;
			buildConfigurations = (
				339DD1E117F0399400C3E8E6 /* Debug */,
				339DD1E217F0399400C3E8E6 /* Release */,
			);
			defaultConfigurationIsVisible = 0;
			defaultConfigurationName = Release;
		};
/* End XCConfigurationList section */
	};
	rootObject = 339DD1A017F0399400C3E8E6 /* Project object */;
}
